// !$*UTF8*$!
{
	archiveVersion = 1;
	classes = {
	};
	objectVersion = 46;
	objects = {

/* Begin PBXBuildFile section */
		5400D000177A0C98002CC092 /* ContactViewController.m in Sources */ = {isa = PBXBuildFile; fileRef = 5400CFFE177A0C98002CC092 /* ContactViewController.m */; };
		5400D001177A0C98002CC092 /* ContactViewController.xib in Resources */ = {isa = PBXBuildFile; fileRef = 5400CFFF177A0C98002CC092 /* ContactViewController.xib */; };
		5400D005177A598D002CC092 /* MessageFromSelf.png in Resources */ = {isa = PBXBuildFile; fileRef = 5400D003177A598D002CC092 /* MessageFromSelf.png */; };
		5400D006177A598D002CC092 /* MessageToSelf.png in Resources */ = {isa = PBXBuildFile; fileRef = 5400D004177A598D002CC092 /* MessageToSelf.png */; };
		5400D009177A59DB002CC092 /* ThreadCell.m in Sources */ = {isa = PBXBuildFile; fileRef = 5400D008177A59DB002CC092 /* ThreadCell.m */; };
		540560D1178F272E009679F4 /* MutableRequest.m in Sources */ = {isa = PBXBuildFile; fileRef = 540560D0178F272E009679F4 /* MutableRequest.m */; };
		540560E1178F2E6D009679F4 /* ProfileViewController.m in Sources */ = {isa = PBXBuildFile; fileRef = 540560DF178F2E6D009679F4 /* ProfileViewController.m */; };
		540560E2178F2E6D009679F4 /* ProfileViewController.xib in Resources */ = {isa = PBXBuildFile; fileRef = 540560E0178F2E6D009679F4 /* ProfileViewController.xib */; };
		540560E5178F2F73009679F4 /* ProfileRequest.m in Sources */ = {isa = PBXBuildFile; fileRef = 540560E4178F2F73009679F4 /* ProfileRequest.m */; };
		5409986C177239F2003DFD70 /* ShareButton.png in Resources */ = {isa = PBXBuildFile; fileRef = 5409986B177239F2003DFD70 /* ShareButton.png */; };
		5437770617837171000CEBAF /* Provider.m in Sources */ = {isa = PBXBuildFile; fileRef = 5437770517837171000CEBAF /* Provider.m */; };
		5437770A1783A1D3000CEBAF /* Twitter.framework in Frameworks */ = {isa = PBXBuildFile; fileRef = 543777091783A1D3000CEBAF /* Twitter.framework */; };
		54403824176B8E5D00AA3588 /* GetStaticLists.m in Sources */ = {isa = PBXBuildFile; fileRef = 54403823176B8E5D00AA3588 /* GetStaticLists.m */; };
		5445A68D17790C0C00F3EC97 /* buttonBroadcastAvailability.png in Resources */ = {isa = PBXBuildFile; fileRef = 5445A68B17790C0C00F3EC97 /* buttonBroadcastAvailability.png */; };
		5445A68E17790C0C00F3EC97 /* buttonBroadcastAvailability@2x.png in Resources */ = {isa = PBXBuildFile; fileRef = 5445A68C17790C0C00F3EC97 /* buttonBroadcastAvailability@2x.png */; };
		5445A6921779195B00F3EC97 /* Contacts.m in Sources */ = {isa = PBXBuildFile; fileRef = 5445A6911779195B00F3EC97 /* Contacts.m */; };
		5445A69517791AF900F3EC97 /* Messages.m in Sources */ = {isa = PBXBuildFile; fileRef = 5445A69417791AF900F3EC97 /* Messages.m */; };
		5445A6981779210600F3EC97 /* Activity.m in Sources */ = {isa = PBXBuildFile; fileRef = 5445A6971779210600F3EC97 /* Activity.m */; };
		544DBE641773DC5A00055C8A /* NearbyVenuesViewController.m in Sources */ = {isa = PBXBuildFile; fileRef = 544DBE621773DC5A00055C8A /* NearbyVenuesViewController.m */; };
		544DBE651773DC5A00055C8A /* NearbyVenuesViewController.xib in Resources */ = {isa = PBXBuildFile; fileRef = 544DBE631773DC5A00055C8A /* NearbyVenuesViewController.xib */; };
		5457138E177E476C006A69CE /* FacebookSDK.framework in Frameworks */ = {isa = PBXBuildFile; fileRef = 5457138D177E476C006A69CE /* FacebookSDK.framework */; };
		54571390177E48A5006A69CE /* FacebookSDKResources.bundle in Resources */ = {isa = PBXBuildFile; fileRef = 5457138F177E48A4006A69CE /* FacebookSDKResources.bundle */; };
		54571392177E48CF006A69CE /* AdSupport.framework in Frameworks */ = {isa = PBXBuildFile; fileRef = 54571391177E48CF006A69CE /* AdSupport.framework */; settings = {ATTRIBUTES = (Weak, ); }; };
		54571394177E48D7006A69CE /* Accounts.framework in Frameworks */ = {isa = PBXBuildFile; fileRef = 54571393177E48D7006A69CE /* Accounts.framework */; settings = {ATTRIBUTES = (Weak, ); }; };
		54571396177E48E8006A69CE /* libsqlite3.dylib in Frameworks */ = {isa = PBXBuildFile; fileRef = 54571395177E48E8006A69CE /* libsqlite3.dylib */; settings = {ATTRIBUTES = (Weak, ); }; };
		54571398177E48EF006A69CE /* Security.framework in Frameworks */ = {isa = PBXBuildFile; fileRef = 54571397177E48EF006A69CE /* Security.framework */; settings = {ATTRIBUTES = (Weak, ); }; };
		5457139A177E48F4006A69CE /* Social.framework in Frameworks */ = {isa = PBXBuildFile; fileRef = 54571399177E48F4006A69CE /* Social.framework */; settings = {ATTRIBUTES = (Weak, ); }; };
		547D54D51773B21F0069D837 /* Foursquare2.m in Sources */ = {isa = PBXBuildFile; fileRef = 547D54D01773B21F0069D837 /* Foursquare2.m */; };
		547D54D61773B21F0069D837 /* FSRequester.m in Sources */ = {isa = PBXBuildFile; fileRef = 547D54D21773B21F0069D837 /* FSRequester.m */; };
		547D54D71773B21F0069D837 /* FSTargetCallback.m in Sources */ = {isa = PBXBuildFile; fileRef = 547D54D41773B21F0069D837 /* FSTargetCallback.m */; };
		547D54DE1773B2300069D837 /* FSVenue.m in Sources */ = {isa = PBXBuildFile; fileRef = 547D54DB1773B2300069D837 /* FSVenue.m */; };
		547D54DF1773B2300069D837 /* FSConverter.m in Sources */ = {isa = PBXBuildFile; fileRef = 547D54DD1773B2300069D837 /* FSConverter.m */; };
		548D36AF176B819300154C36 /* UIKit.framework in Frameworks */ = {isa = PBXBuildFile; fileRef = 548D36AE176B819300154C36 /* UIKit.framework */; };
		548D36B1176B819300154C36 /* Foundation.framework in Frameworks */ = {isa = PBXBuildFile; fileRef = 548D36B0176B819300154C36 /* Foundation.framework */; };
		548D36B3176B819300154C36 /* CoreGraphics.framework in Frameworks */ = {isa = PBXBuildFile; fileRef = 548D36B2176B819300154C36 /* CoreGraphics.framework */; };
		548D36B9176B819300154C36 /* InfoPlist.strings in Resources */ = {isa = PBXBuildFile; fileRef = 548D36B7176B819300154C36 /* InfoPlist.strings */; };
		548D36BB176B819300154C36 /* main.m in Sources */ = {isa = PBXBuildFile; fileRef = 548D36BA176B819300154C36 /* main.m */; };
		548D36BF176B819300154C36 /* AppDelegate.m in Sources */ = {isa = PBXBuildFile; fileRef = 548D36BE176B819300154C36 /* AppDelegate.m */; };
		548D36C1176B819300154C36 /* Default.png in Resources */ = {isa = PBXBuildFile; fileRef = 548D36C0176B819300154C36 /* Default.png */; };
		548D36C3176B819300154C36 /* Default@2x.png in Resources */ = {isa = PBXBuildFile; fileRef = 548D36C2176B819300154C36 /* Default@2x.png */; };
		548D36C5176B819300154C36 /* Default-568h@2x.png in Resources */ = {isa = PBXBuildFile; fileRef = 548D36C4176B819300154C36 /* Default-568h@2x.png */; };
		548D36D0176B81B700154C36 /* UINavigationItem+JTRevealSidebarV2.m in Sources */ = {isa = PBXBuildFile; fileRef = 548D36CD176B81B700154C36 /* UINavigationItem+JTRevealSidebarV2.m */; };
		548D36D1176B81B700154C36 /* UIViewController+JTRevealSidebarV2.m in Sources */ = {isa = PBXBuildFile; fileRef = 548D36CF176B81B700154C36 /* UIViewController+JTRevealSidebarV2.m */; };
		548D36D4176B81E900154C36 /* QuartzCore.framework in Frameworks */ = {isa = PBXBuildFile; fileRef = 548D36D3176B81E900154C36 /* QuartzCore.framework */; };
		548D36D8176B821B00154C36 /* ButtonMenuLeft.png in Resources */ = {isa = PBXBuildFile; fileRef = 548D36D6176B821B00154C36 /* ButtonMenuLeft.png */; };
		548D36D9176B821B00154C36 /* ButtonMenuLeft@2x.png in Resources */ = {isa = PBXBuildFile; fileRef = 548D36D7176B821B00154C36 /* ButtonMenuLeft@2x.png */; };
		548D36E0176B823700154C36 /* CenterViewController.m in Sources */ = {isa = PBXBuildFile; fileRef = 548D36DB176B823700154C36 /* CenterViewController.m */; };
		548D36E1176B823700154C36 /* LeftSidebarViewController.m in Sources */ = {isa = PBXBuildFile; fileRef = 548D36DD176B823700154C36 /* LeftSidebarViewController.m */; };
		549ADAAC176BCAD5001F1D3F /* CreateActivityViewController.m in Sources */ = {isa = PBXBuildFile; fileRef = 549ADAAA176BCAD5001F1D3F /* CreateActivityViewController.m */; };
		549ADAAD176BCAD5001F1D3F /* CreateActivityViewController.xib in Resources */ = {isa = PBXBuildFile; fileRef = 549ADAAB176BCAD5001F1D3F /* CreateActivityViewController.xib */; };
		549ADABC176BE148001F1D3F /* libQuickDialog.a in Frameworks */ = {isa = PBXBuildFile; fileRef = 549ADAB9176BE11D001F1D3F /* libQuickDialog.a */; };
		549ADABE176BE14F001F1D3F /* MapKit.framework in Frameworks */ = {isa = PBXBuildFile; fileRef = 549ADABD176BE14F001F1D3F /* MapKit.framework */; };
		549ADAC0176BE15A001F1D3F /* CoreLocation.framework in Frameworks */ = {isa = PBXBuildFile; fileRef = 549ADABF176BE159001F1D3F /* CoreLocation.framework */; };
		54D317321784970E00D058F4 /* DetailProfileViewController.m in Sources */ = {isa = PBXBuildFile; fileRef = 54D317301784970E00D058F4 /* DetailProfileViewController.m */; };
		54D317331784970E00D058F4 /* DetailProfileViewController.xib in Resources */ = {isa = PBXBuildFile; fileRef = 54D317311784970E00D058F4 /* DetailProfileViewController.xib */; };
		54D3521C178DC89D0068953A /* AddressBookUI.framework in Frameworks */ = {isa = PBXBuildFile; fileRef = 54D3521B178DC89D0068953A /* AddressBookUI.framework */; };
		54D3521F178DC8C30068953A /* AddressBook.framework in Frameworks */ = {isa = PBXBuildFile; fileRef = 54D3521E178DC8C30068953A /* AddressBook.framework */; };
		54D35222178DCB230068953A /* DBFriendInviter.m in Sources */ = {isa = PBXBuildFile; fileRef = 54D35221178DCB230068953A /* DBFriendInviter.m */; };
		54D35225178DDA510068953A /* LoginRequests.m in Sources */ = {isa = PBXBuildFile; fileRef = 54D35224178DDA510068953A /* LoginRequests.m */; };
		54D35228178E1C200068953A /* KeychainWrapper.m in Sources */ = {isa = PBXBuildFile; fileRef = 54D35227178E1C200068953A /* KeychainWrapper.m */; };
		54E332D91781EEE400BFF6A4 /* JSONKit.m in Sources */ = {isa = PBXBuildFile; fileRef = 54E332D71781EEE400BFF6A4 /* JSONKit.m */; };
		54E332F51781EEF700BFF6A4 /* OATokenManager.m in Sources */ = {isa = PBXBuildFile; fileRef = 54E332DB1781EEF700BFF6A4 /* OATokenManager.m */; };
		54E332F61781EEF700BFF6A4 /* OAToken.m in Sources */ = {isa = PBXBuildFile; fileRef = 54E332DD1781EEF700BFF6A4 /* OAToken.m */; };
		54E332F71781EEF700BFF6A4 /* OAServiceTicket.m in Sources */ = {isa = PBXBuildFile; fileRef = 54E332E01781EEF700BFF6A4 /* OAServiceTicket.m */; };
		54E332F81781EEF700BFF6A4 /* OARequestParameter.m in Sources */ = {isa = PBXBuildFile; fileRef = 54E332E21781EEF700BFF6A4 /* OARequestParameter.m */; };
		54E332F91781EEF700BFF6A4 /* OAProblem.m in Sources */ = {isa = PBXBuildFile; fileRef = 54E332E41781EEF700BFF6A4 /* OAProblem.m */; };
		54E332FA1781EEF700BFF6A4 /* OAPlaintextSignatureProvider.m in Sources */ = {isa = PBXBuildFile; fileRef = 54E332E61781EEF700BFF6A4 /* OAPlaintextSignatureProvider.m */; };
		54E332FB1781EEF700BFF6A4 /* OAMutableURLRequest.m in Sources */ = {isa = PBXBuildFile; fileRef = 54E332E81781EEF700BFF6A4 /* OAMutableURLRequest.m */; };
		54E332FC1781EEF700BFF6A4 /* OAHMAC_SHA1SignatureProvider.m in Sources */ = {isa = PBXBuildFile; fileRef = 54E332EA1781EEF700BFF6A4 /* OAHMAC_SHA1SignatureProvider.m */; };
		54E332FD1781EEF700BFF6A4 /* OADataFetcher.m in Sources */ = {isa = PBXBuildFile; fileRef = 54E332EC1781EEF700BFF6A4 /* OADataFetcher.m */; };
		54E332FE1781EEF700BFF6A4 /* OAConsumer.m in Sources */ = {isa = PBXBuildFile; fileRef = 54E332EE1781EEF700BFF6A4 /* OAConsumer.m */; };
		54E332FF1781EEF700BFF6A4 /* OACall.m in Sources */ = {isa = PBXBuildFile; fileRef = 54E332F01781EEF700BFF6A4 /* OACall.m */; };
		54E333001781EEF700BFF6A4 /* OAAttachment.m in Sources */ = {isa = PBXBuildFile; fileRef = 54E332F21781EEF700BFF6A4 /* OAAttachment.m */; };
		54E333071781EF0800BFF6A4 /* Base64Transcoder.c in Sources */ = {isa = PBXBuildFile; fileRef = 54E333011781EF0800BFF6A4 /* Base64Transcoder.c */; };
		54E333081781EF0800BFF6A4 /* hmac.c in Sources */ = {isa = PBXBuildFile; fileRef = 54E333031781EF0800BFF6A4 /* hmac.c */; };
		54E333091781EF0800BFF6A4 /* sha1.c in Sources */ = {isa = PBXBuildFile; fileRef = 54E333051781EF0800BFF6A4 /* sha1.c */; };
		54E333101781EF1300BFF6A4 /* NSMutableURLRequest+Parameters.m in Sources */ = {isa = PBXBuildFile; fileRef = 54E3330B1781EF1300BFF6A4 /* NSMutableURLRequest+Parameters.m */; };
		54E333111781EF1300BFF6A4 /* NSString+URLEncoding.m in Sources */ = {isa = PBXBuildFile; fileRef = 54E3330D1781EF1300BFF6A4 /* NSString+URLEncoding.m */; };
		54E333121781EF1300BFF6A4 /* NSURL+Base.m in Sources */ = {isa = PBXBuildFile; fileRef = 54E3330F1781EF1300BFF6A4 /* NSURL+Base.m */; };
		54E3331D1781EF3100BFF6A4 /* OAuthLoginView.xib in Resources */ = {isa = PBXBuildFile; fileRef = 54E333161781EF3100BFF6A4 /* OAuthLoginView.xib */; };
		54E3331E1781EF3100BFF6A4 /* OAuthLoginView.m in Sources */ = {isa = PBXBuildFile; fileRef = 54E333171781EF3100BFF6A4 /* OAuthLoginView.m */; };
		54E3331F1781EF3100BFF6A4 /* linkedInBluebutton.png in Resources */ = {isa = PBXBuildFile; fileRef = 54E333191781EF3100BFF6A4 /* linkedInBluebutton.png */; };
		54E333201781EF3100BFF6A4 /* linkedInBluebutton-highlight.png in Resources */ = {isa = PBXBuildFile; fileRef = 54E3331A1781EF3100BFF6A4 /* linkedInBluebutton-highlight.png */; };
		54E4B57D17822C8E00BE5686 /* TwitterLoginViewController.m in Sources */ = {isa = PBXBuildFile; fileRef = 54E4B57B17822C8E00BE5686 /* TwitterLoginViewController.m */; };
		54E4B57E17822C8E00BE5686 /* TwitterLoginViewController.xib in Resources */ = {isa = PBXBuildFile; fileRef = 54E4B57C17822C8E00BE5686 /* TwitterLoginViewController.xib */; };
		54E4B58517822CE800BE5686 /* TwitterAuthenticator.m in Sources */ = {isa = PBXBuildFile; fileRef = 54E4B58017822CE700BE5686 /* TwitterAuthenticator.m */; };
		54E4B58617822CE800BE5686 /* TwitterRequest.m in Sources */ = {isa = PBXBuildFile; fileRef = 54E4B58217822CE700BE5686 /* TwitterRequest.m */; };
		54E4B58717822CE800BE5686 /* TwitterToken.m in Sources */ = {isa = PBXBuildFile; fileRef = 54E4B58417822CE700BE5686 /* TwitterToken.m */; };
		54E4B58A17822CFB00BE5686 /* TwitterConsumer.m in Sources */ = {isa = PBXBuildFile; fileRef = 54E4B58917822CFB00BE5686 /* TwitterConsumer.m */; };
		54E4B58D17822D1200BE5686 /* TwitterUtils.m in Sources */ = {isa = PBXBuildFile; fileRef = 54E4B58C17822D1200BE5686 /* TwitterUtils.m */; };
		54E4B59117822D4D00BE5686 /* TwitterClouds.png in Resources */ = {isa = PBXBuildFile; fileRef = 54E4B59017822D4D00BE5686 /* TwitterClouds.png */; };
		54E714CD176B95E200F39D73 /* ActivityViewController.m in Sources */ = {isa = PBXBuildFile; fileRef = 54E714CB176B95E200F39D73 /* ActivityViewController.m */; };
		54E714CE176B95E200F39D73 /* ActivityViewController.xib in Resources */ = {isa = PBXBuildFile; fileRef = 54E714CC176B95E200F39D73 /* ActivityViewController.xib */; };
		54E714D3176B9EDA00F39D73 /* MessageViewController.m in Sources */ = {isa = PBXBuildFile; fileRef = 54E714D1176B9EDA00F39D73 /* MessageViewController.m */; };
		54E714D4176B9EDA00F39D73 /* MessageViewController.xib in Resources */ = {isa = PBXBuildFile; fileRef = 54E714D2176B9EDA00F39D73 /* MessageViewController.xib */; };
		54E714D8176BA18800F39D73 /* FriendsViewController.m in Sources */ = {isa = PBXBuildFile; fileRef = 54E714D6176BA18800F39D73 /* FriendsViewController.m */; };
		54E714D9176BA18800F39D73 /* FriendsViewController.xib in Resources */ = {isa = PBXBuildFile; fileRef = 54E714D7176BA18800F39D73 /* FriendsViewController.xib */; };
		54F598511770C96D0074F43C /* RightSidebarViewController.m in Sources */ = {isa = PBXBuildFile; fileRef = 54F598501770C96D0074F43C /* RightSidebarViewController.m */; };
		54F598561770EB360074F43C /* MessagesMenuItem.png in Resources */ = {isa = PBXBuildFile; fileRef = 54F598541770EB360074F43C /* MessagesMenuItem.png */; };
		54F598571770EB360074F43C /* MessagesMenuItem@2x.png in Resources */ = {isa = PBXBuildFile; fileRef = 54F598551770EB360074F43C /* MessagesMenuItem@2x.png */; };
		54F5985F1770EDE00074F43C /* ActivityMenuItem.png in Resources */ = {isa = PBXBuildFile; fileRef = 54F5985D1770EDE00074F43C /* ActivityMenuItem.png */; };
		54F598601770EDE00074F43C /* ActivityMenuItem@2x.png in Resources */ = {isa = PBXBuildFile; fileRef = 54F5985E1770EDE00074F43C /* ActivityMenuItem@2x.png */; };
		54F598631770EF210074F43C /* FriendsMenuItem.png in Resources */ = {isa = PBXBuildFile; fileRef = 54F598611770EF210074F43C /* FriendsMenuItem.png */; };
		54F598641770EF210074F43C /* FriendsMenuItem@2x.png in Resources */ = {isa = PBXBuildFile; fileRef = 54F598621770EF210074F43C /* FriendsMenuItem@2x.png */; };
		54F59866177121F60074F43C /* BackgroundMenuItem.png in Resources */ = {isa = PBXBuildFile; fileRef = 54F59865177121F60074F43C /* BackgroundMenuItem.png */; };
		54F59868177124930074F43C /* BackgroundMenuItemSelected.png in Resources */ = {isa = PBXBuildFile; fileRef = 54F59867177124930074F43C /* BackgroundMenuItemSelected.png */; };
		54F5986A17712EEA0074F43C /* BackgroundMenu.png in Resources */ = {isa = PBXBuildFile; fileRef = 54F5986917712EEA0074F43C /* BackgroundMenu.png */; };
		54F5986F17713A4A0074F43C /* BackgroundSharing.png in Resources */ = {isa = PBXBuildFile; fileRef = 54F5986C17713A4A0074F43C /* BackgroundSharing.png */; };
		54F5987017713A4A0074F43C /* FindFriendsButton.png in Resources */ = {isa = PBXBuildFile; fileRef = 54F5986D17713A4A0074F43C /* FindFriendsButton.png */; };
		54F5987117713A4A0074F43C /* InviteFriendsButton.png in Resources */ = {isa = PBXBuildFile; fileRef = 54F5986E17713A4A0074F43C /* InviteFriendsButton.png */; };
		54F971F9177CE12B006F6FE5 /* ShareViewController.m in Sources */ = {isa = PBXBuildFile; fileRef = 54F971F7177CE12B006F6FE5 /* ShareViewController.m */; };
		54F971FA177CE12B006F6FE5 /* ShareViewController.xib in Resources */ = {isa = PBXBuildFile; fileRef = 54F971F8177CE12B006F6FE5 /* ShareViewController.xib */; };
		54F97202177CE711006F6FE5 /* ImageShare.png in Resources */ = {isa = PBXBuildFile; fileRef = 54F97200177CE711006F6FE5 /* ImageShare.png */; };
		54F97203177CE711006F6FE5 /* ImageShare@2x.png in Resources */ = {isa = PBXBuildFile; fileRef = 54F97201177CE711006F6FE5 /* ImageShare@2x.png */; };
		54F97207177CFFE8006F6FE5 /* LoginViewController.m in Sources */ = {isa = PBXBuildFile; fileRef = 54F97205177CFFE7006F6FE5 /* LoginViewController.m */; };
		54F97208177CFFE8006F6FE5 /* LoginViewController.xib in Resources */ = {isa = PBXBuildFile; fileRef = 54F97206177CFFE7006F6FE5 /* LoginViewController.xib */; };
		54FE68FC17736B1000AD7987 /* ButtonMenuRight.png in Resources */ = {isa = PBXBuildFile; fileRef = 54FE68FB17736B1000AD7987 /* ButtonMenuRight.png */; };
/* End PBXBuildFile section */

/* Begin PBXContainerItemProxy section */
		549ADAB6176BE11D001F1D3F /* PBXContainerItemProxy */ = {
			isa = PBXContainerItemProxy;
			containerPortal = 549ADAB1176BE11D001F1D3F /* QuickDialog.xcodeproj */;
			proxyType = 2;
			remoteGlobalIDString = D80B0E3313E052DF00FA85CA;
			remoteInfo = QuickDialogExample;
		};
		549ADAB8176BE11D001F1D3F /* PBXContainerItemProxy */ = {
			isa = PBXContainerItemProxy;
			containerPortal = 549ADAB1176BE11D001F1D3F /* QuickDialog.xcodeproj */;
			proxyType = 2;
			remoteGlobalIDString = 2C542393145ADEBD0026A152;
			remoteInfo = QuickDialog;
		};
		549ADABA176BE137001F1D3F /* PBXContainerItemProxy */ = {
			isa = PBXContainerItemProxy;
			containerPortal = 549ADAB1176BE11D001F1D3F /* QuickDialog.xcodeproj */;
			proxyType = 1;
			remoteGlobalIDString = 2C542392145ADEBD0026A152;
			remoteInfo = QuickDialog;
		};
/* End PBXContainerItemProxy section */

/* Begin PBXFileReference section */
		5400CFFD177A0C98002CC092 /* ContactViewController.h */ = {isa = PBXFileReference; fileEncoding = 4; lastKnownFileType = sourcecode.c.h; path = ContactViewController.h; sourceTree = "<group>"; };
		5400CFFE177A0C98002CC092 /* ContactViewController.m */ = {isa = PBXFileReference; fileEncoding = 4; lastKnownFileType = sourcecode.c.objc; path = ContactViewController.m; sourceTree = "<group>"; };
		5400CFFF177A0C98002CC092 /* ContactViewController.xib */ = {isa = PBXFileReference; fileEncoding = 4; lastKnownFileType = file.xib; path = ContactViewController.xib; sourceTree = "<group>"; };
		5400D003177A598D002CC092 /* MessageFromSelf.png */ = {isa = PBXFileReference; lastKnownFileType = image.png; path = MessageFromSelf.png; sourceTree = "<group>"; };
		5400D004177A598D002CC092 /* MessageToSelf.png */ = {isa = PBXFileReference; lastKnownFileType = image.png; path = MessageToSelf.png; sourceTree = "<group>"; };
		5400D007177A59DB002CC092 /* ThreadCell.h */ = {isa = PBXFileReference; fileEncoding = 4; lastKnownFileType = sourcecode.c.h; path = ThreadCell.h; sourceTree = "<group>"; };
		5400D008177A59DB002CC092 /* ThreadCell.m */ = {isa = PBXFileReference; fileEncoding = 4; lastKnownFileType = sourcecode.c.objc; path = ThreadCell.m; sourceTree = "<group>"; };
		540560CF178F272E009679F4 /* MutableRequest.h */ = {isa = PBXFileReference; fileEncoding = 4; lastKnownFileType = sourcecode.c.h; path = MutableRequest.h; sourceTree = "<group>"; };
		540560D0178F272E009679F4 /* MutableRequest.m */ = {isa = PBXFileReference; fileEncoding = 4; lastKnownFileType = sourcecode.c.objc; path = MutableRequest.m; sourceTree = "<group>"; };
		540560DE178F2E6D009679F4 /* ProfileViewController.h */ = {isa = PBXFileReference; fileEncoding = 4; lastKnownFileType = sourcecode.c.h; path = ProfileViewController.h; sourceTree = "<group>"; };
		540560DF178F2E6D009679F4 /* ProfileViewController.m */ = {isa = PBXFileReference; fileEncoding = 4; lastKnownFileType = sourcecode.c.objc; path = ProfileViewController.m; sourceTree = "<group>"; };
		540560E0178F2E6D009679F4 /* ProfileViewController.xib */ = {isa = PBXFileReference; fileEncoding = 4; lastKnownFileType = file.xib; path = ProfileViewController.xib; sourceTree = "<group>"; };
		540560E3178F2F73009679F4 /* ProfileRequest.h */ = {isa = PBXFileReference; fileEncoding = 4; lastKnownFileType = sourcecode.c.h; path = ProfileRequest.h; sourceTree = "<group>"; };
		540560E4178F2F73009679F4 /* ProfileRequest.m */ = {isa = PBXFileReference; fileEncoding = 4; lastKnownFileType = sourcecode.c.objc; path = ProfileRequest.m; sourceTree = "<group>"; };
		5409986B177239F2003DFD70 /* ShareButton.png */ = {isa = PBXFileReference; lastKnownFileType = image.png; path = ShareButton.png; sourceTree = "<group>"; };
		5437770417837171000CEBAF /* Provider.h */ = {isa = PBXFileReference; fileEncoding = 4; lastKnownFileType = sourcecode.c.h; path = Provider.h; sourceTree = "<group>"; };
		5437770517837171000CEBAF /* Provider.m */ = {isa = PBXFileReference; fileEncoding = 4; lastKnownFileType = sourcecode.c.objc; path = Provider.m; sourceTree = "<group>"; };
		543777091783A1D3000CEBAF /* Twitter.framework */ = {isa = PBXFileReference; lastKnownFileType = wrapper.framework; name = Twitter.framework; path = System/Library/Frameworks/Twitter.framework; sourceTree = SDKROOT; };
		54403822176B8E5D00AA3588 /* GetStaticLists.h */ = {isa = PBXFileReference; fileEncoding = 4; lastKnownFileType = sourcecode.c.h; path = GetStaticLists.h; sourceTree = "<group>"; };
		54403823176B8E5D00AA3588 /* GetStaticLists.m */ = {isa = PBXFileReference; fileEncoding = 4; lastKnownFileType = sourcecode.c.objc; path = GetStaticLists.m; sourceTree = "<group>"; };
		5445A68B17790C0C00F3EC97 /* buttonBroadcastAvailability.png */ = {isa = PBXFileReference; lastKnownFileType = image.png; path = buttonBroadcastAvailability.png; sourceTree = "<group>"; };
		5445A68C17790C0C00F3EC97 /* buttonBroadcastAvailability@2x.png */ = {isa = PBXFileReference; lastKnownFileType = image.png; path = "buttonBroadcastAvailability@2x.png"; sourceTree = "<group>"; };
		5445A6901779195B00F3EC97 /* Contacts.h */ = {isa = PBXFileReference; fileEncoding = 4; lastKnownFileType = sourcecode.c.h; path = Contacts.h; sourceTree = "<group>"; };
		5445A6911779195B00F3EC97 /* Contacts.m */ = {isa = PBXFileReference; fileEncoding = 4; lastKnownFileType = sourcecode.c.objc; path = Contacts.m; sourceTree = "<group>"; };
		5445A69317791AF900F3EC97 /* Messages.h */ = {isa = PBXFileReference; fileEncoding = 4; lastKnownFileType = sourcecode.c.h; path = Messages.h; sourceTree = "<group>"; };
		5445A69417791AF900F3EC97 /* Messages.m */ = {isa = PBXFileReference; fileEncoding = 4; lastKnownFileType = sourcecode.c.objc; path = Messages.m; sourceTree = "<group>"; };
		5445A6961779210600F3EC97 /* Activity.h */ = {isa = PBXFileReference; fileEncoding = 4; lastKnownFileType = sourcecode.c.h; path = Activity.h; sourceTree = "<group>"; };
		5445A6971779210600F3EC97 /* Activity.m */ = {isa = PBXFileReference; fileEncoding = 4; lastKnownFileType = sourcecode.c.objc; path = Activity.m; sourceTree = "<group>"; };
		544DBE611773DC5A00055C8A /* NearbyVenuesViewController.h */ = {isa = PBXFileReference; fileEncoding = 4; lastKnownFileType = sourcecode.c.h; path = NearbyVenuesViewController.h; sourceTree = "<group>"; };
		544DBE621773DC5A00055C8A /* NearbyVenuesViewController.m */ = {isa = PBXFileReference; fileEncoding = 4; lastKnownFileType = sourcecode.c.objc; path = NearbyVenuesViewController.m; sourceTree = "<group>"; };
		544DBE631773DC5A00055C8A /* NearbyVenuesViewController.xib */ = {isa = PBXFileReference; fileEncoding = 4; lastKnownFileType = file.xib; path = NearbyVenuesViewController.xib; sourceTree = "<group>"; };
		5457138C177E39C1006A69CE /* constants.h */ = {isa = PBXFileReference; fileEncoding = 4; lastKnownFileType = sourcecode.c.h; path = constants.h; sourceTree = "<group>"; };
		5457138D177E476C006A69CE /* FacebookSDK.framework */ = {isa = PBXFileReference; lastKnownFileType = wrapper.framework; name = FacebookSDK.framework; path = ../../FacebookSDK/FacebookSDK.framework; sourceTree = "<group>"; };
		5457138F177E48A4006A69CE /* FacebookSDKResources.bundle */ = {isa = PBXFileReference; lastKnownFileType = "wrapper.plug-in"; name = FacebookSDKResources.bundle; path = ../../FacebookSDK/FacebookSDK.framework/Versions/A/Resources/FacebookSDKResources.bundle; sourceTree = "<group>"; };
		54571391177E48CF006A69CE /* AdSupport.framework */ = {isa = PBXFileReference; lastKnownFileType = wrapper.framework; name = AdSupport.framework; path = System/Library/Frameworks/AdSupport.framework; sourceTree = SDKROOT; };
		54571393177E48D7006A69CE /* Accounts.framework */ = {isa = PBXFileReference; lastKnownFileType = wrapper.framework; name = Accounts.framework; path = System/Library/Frameworks/Accounts.framework; sourceTree = SDKROOT; };
		54571395177E48E8006A69CE /* libsqlite3.dylib */ = {isa = PBXFileReference; lastKnownFileType = "compiled.mach-o.dylib"; name = libsqlite3.dylib; path = usr/lib/libsqlite3.dylib; sourceTree = SDKROOT; };
		54571397177E48EF006A69CE /* Security.framework */ = {isa = PBXFileReference; lastKnownFileType = wrapper.framework; name = Security.framework; path = System/Library/Frameworks/Security.framework; sourceTree = SDKROOT; };
		54571399177E48F4006A69CE /* Social.framework */ = {isa = PBXFileReference; lastKnownFileType = wrapper.framework; name = Social.framework; path = System/Library/Frameworks/Social.framework; sourceTree = SDKROOT; };
		547D54CF1773B21F0069D837 /* Foursquare2.h */ = {isa = PBXFileReference; fileEncoding = 4; lastKnownFileType = sourcecode.c.h; name = Foursquare2.h; path = letslunch_iPhone2/Foursquare2.h; sourceTree = "<group>"; };
		547D54D01773B21F0069D837 /* Foursquare2.m */ = {isa = PBXFileReference; fileEncoding = 4; lastKnownFileType = sourcecode.c.objc; name = Foursquare2.m; path = letslunch_iPhone2/Foursquare2.m; sourceTree = "<group>"; };
		547D54D11773B21F0069D837 /* FSRequester.h */ = {isa = PBXFileReference; fileEncoding = 4; lastKnownFileType = sourcecode.c.h; name = FSRequester.h; path = letslunch_iPhone2/FSRequester.h; sourceTree = "<group>"; };
		547D54D21773B21F0069D837 /* FSRequester.m */ = {isa = PBXFileReference; fileEncoding = 4; lastKnownFileType = sourcecode.c.objc; name = FSRequester.m; path = letslunch_iPhone2/FSRequester.m; sourceTree = "<group>"; };
		547D54D31773B21F0069D837 /* FSTargetCallback.h */ = {isa = PBXFileReference; fileEncoding = 4; lastKnownFileType = sourcecode.c.h; name = FSTargetCallback.h; path = letslunch_iPhone2/FSTargetCallback.h; sourceTree = "<group>"; };
		547D54D41773B21F0069D837 /* FSTargetCallback.m */ = {isa = PBXFileReference; fileEncoding = 4; lastKnownFileType = sourcecode.c.objc; name = FSTargetCallback.m; path = letslunch_iPhone2/FSTargetCallback.m; sourceTree = "<group>"; };
		547D54DA1773B2300069D837 /* FSVenue.h */ = {isa = PBXFileReference; fileEncoding = 4; lastKnownFileType = sourcecode.c.h; path = FSVenue.h; sourceTree = "<group>"; };
		547D54DB1773B2300069D837 /* FSVenue.m */ = {isa = PBXFileReference; fileEncoding = 4; lastKnownFileType = sourcecode.c.objc; path = FSVenue.m; sourceTree = "<group>"; };
		547D54DC1773B2300069D837 /* FSConverter.h */ = {isa = PBXFileReference; fileEncoding = 4; lastKnownFileType = sourcecode.c.h; path = FSConverter.h; sourceTree = "<group>"; };
		547D54DD1773B2300069D837 /* FSConverter.m */ = {isa = PBXFileReference; fileEncoding = 4; lastKnownFileType = sourcecode.c.objc; path = FSConverter.m; sourceTree = "<group>"; };
		548D36AB176B819300154C36 /* letslunch_iPhone2.app */ = {isa = PBXFileReference; explicitFileType = wrapper.application; includeInIndex = 0; path = letslunch_iPhone2.app; sourceTree = BUILT_PRODUCTS_DIR; };
		548D36AE176B819300154C36 /* UIKit.framework */ = {isa = PBXFileReference; lastKnownFileType = wrapper.framework; name = UIKit.framework; path = System/Library/Frameworks/UIKit.framework; sourceTree = SDKROOT; };
		548D36B0176B819300154C36 /* Foundation.framework */ = {isa = PBXFileReference; lastKnownFileType = wrapper.framework; name = Foundation.framework; path = System/Library/Frameworks/Foundation.framework; sourceTree = SDKROOT; };
		548D36B2176B819300154C36 /* CoreGraphics.framework */ = {isa = PBXFileReference; lastKnownFileType = wrapper.framework; name = CoreGraphics.framework; path = System/Library/Frameworks/CoreGraphics.framework; sourceTree = SDKROOT; };
		548D36B6176B819300154C36 /* letslunch_iPhone2-Info.plist */ = {isa = PBXFileReference; lastKnownFileType = text.plist.xml; path = "letslunch_iPhone2-Info.plist"; sourceTree = "<group>"; };
		548D36B8176B819300154C36 /* en */ = {isa = PBXFileReference; lastKnownFileType = text.plist.strings; name = en; path = en.lproj/InfoPlist.strings; sourceTree = "<group>"; };
		548D36BA176B819300154C36 /* main.m */ = {isa = PBXFileReference; lastKnownFileType = sourcecode.c.objc; path = main.m; sourceTree = "<group>"; };
		548D36BC176B819300154C36 /* letslunch_iPhone2-Prefix.pch */ = {isa = PBXFileReference; lastKnownFileType = sourcecode.c.h; path = "letslunch_iPhone2-Prefix.pch"; sourceTree = "<group>"; };
		548D36BD176B819300154C36 /* AppDelegate.h */ = {isa = PBXFileReference; lastKnownFileType = sourcecode.c.h; path = AppDelegate.h; sourceTree = "<group>"; };
		548D36BE176B819300154C36 /* AppDelegate.m */ = {isa = PBXFileReference; lastKnownFileType = sourcecode.c.objc; path = AppDelegate.m; sourceTree = "<group>"; };
		548D36C0176B819300154C36 /* Default.png */ = {isa = PBXFileReference; lastKnownFileType = image.png; name = Default.png; path = letslunch_iPhone2/Default.png; sourceTree = "<group>"; };
		548D36C2176B819300154C36 /* Default@2x.png */ = {isa = PBXFileReference; lastKnownFileType = image.png; name = "Default@2x.png"; path = "letslunch_iPhone2/Default@2x.png"; sourceTree = "<group>"; };
		548D36C4176B819300154C36 /* Default-568h@2x.png */ = {isa = PBXFileReference; lastKnownFileType = image.png; name = "Default-568h@2x.png"; path = "letslunch_iPhone2/Default-568h@2x.png"; sourceTree = "<group>"; };
		548D36CB176B81B700154C36 /* JTRevealSidebarV2Delegate.h */ = {isa = PBXFileReference; fileEncoding = 4; lastKnownFileType = sourcecode.c.h; path = JTRevealSidebarV2Delegate.h; sourceTree = "<group>"; };
		548D36CC176B81B700154C36 /* UINavigationItem+JTRevealSidebarV2.h */ = {isa = PBXFileReference; fileEncoding = 4; lastKnownFileType = sourcecode.c.h; path = "UINavigationItem+JTRevealSidebarV2.h"; sourceTree = "<group>"; };
		548D36CD176B81B700154C36 /* UINavigationItem+JTRevealSidebarV2.m */ = {isa = PBXFileReference; fileEncoding = 4; lastKnownFileType = sourcecode.c.objc; path = "UINavigationItem+JTRevealSidebarV2.m"; sourceTree = "<group>"; };
		548D36CE176B81B700154C36 /* UIViewController+JTRevealSidebarV2.h */ = {isa = PBXFileReference; fileEncoding = 4; lastKnownFileType = sourcecode.c.h; path = "UIViewController+JTRevealSidebarV2.h"; sourceTree = "<group>"; };
		548D36CF176B81B700154C36 /* UIViewController+JTRevealSidebarV2.m */ = {isa = PBXFileReference; fileEncoding = 4; lastKnownFileType = sourcecode.c.objc; path = "UIViewController+JTRevealSidebarV2.m"; sourceTree = "<group>"; };
		548D36D3176B81E900154C36 /* QuartzCore.framework */ = {isa = PBXFileReference; lastKnownFileType = wrapper.framework; name = QuartzCore.framework; path = System/Library/Frameworks/QuartzCore.framework; sourceTree = SDKROOT; };
		548D36D6176B821B00154C36 /* ButtonMenuLeft.png */ = {isa = PBXFileReference; lastKnownFileType = image.png; path = ButtonMenuLeft.png; sourceTree = "<group>"; };
		548D36D7176B821B00154C36 /* ButtonMenuLeft@2x.png */ = {isa = PBXFileReference; lastKnownFileType = image.png; path = "ButtonMenuLeft@2x.png"; sourceTree = "<group>"; };
		548D36DA176B823700154C36 /* CenterViewController.h */ = {isa = PBXFileReference; fileEncoding = 4; lastKnownFileType = sourcecode.c.h; path = CenterViewController.h; sourceTree = "<group>"; };
		548D36DB176B823700154C36 /* CenterViewController.m */ = {isa = PBXFileReference; fileEncoding = 4; lastKnownFileType = sourcecode.c.objc; path = CenterViewController.m; sourceTree = "<group>"; };
		548D36DC176B823700154C36 /* LeftSidebarViewController.h */ = {isa = PBXFileReference; fileEncoding = 4; lastKnownFileType = sourcecode.c.h; path = LeftSidebarViewController.h; sourceTree = "<group>"; };
		548D36DD176B823700154C36 /* LeftSidebarViewController.m */ = {isa = PBXFileReference; fileEncoding = 4; lastKnownFileType = sourcecode.c.objc; path = LeftSidebarViewController.m; sourceTree = "<group>"; };
		549ADAAA176BCAD5001F1D3F /* CreateActivityViewController.m */ = {isa = PBXFileReference; fileEncoding = 4; lastKnownFileType = sourcecode.c.objc; path = CreateActivityViewController.m; sourceTree = "<group>"; };
		549ADAAB176BCAD5001F1D3F /* CreateActivityViewController.xib */ = {isa = PBXFileReference; fileEncoding = 4; lastKnownFileType = file.xib; path = CreateActivityViewController.xib; sourceTree = "<group>"; };
		549ADAAE176BCAF2001F1D3F /* CreateActivityViewController.h */ = {isa = PBXFileReference; fileEncoding = 4; lastKnownFileType = sourcecode.c.h; path = CreateActivityViewController.h; sourceTree = "<group>"; };
		549ADAB1176BE11D001F1D3F /* QuickDialog.xcodeproj */ = {isa = PBXFileReference; lastKnownFileType = "wrapper.pb-project"; name = QuickDialog.xcodeproj; path = QuickDialog/QuickDialog.xcodeproj; sourceTree = "<group>"; };
		549ADABD176BE14F001F1D3F /* MapKit.framework */ = {isa = PBXFileReference; lastKnownFileType = wrapper.framework; name = MapKit.framework; path = System/Library/Frameworks/MapKit.framework; sourceTree = SDKROOT; };
		549ADABF176BE159001F1D3F /* CoreLocation.framework */ = {isa = PBXFileReference; lastKnownFileType = wrapper.framework; name = CoreLocation.framework; path = System/Library/Frameworks/CoreLocation.framework; sourceTree = SDKROOT; };
		54D3172F1784970E00D058F4 /* DetailProfileViewController.h */ = {isa = PBXFileReference; fileEncoding = 4; lastKnownFileType = sourcecode.c.h; path = DetailProfileViewController.h; sourceTree = "<group>"; };
		54D317301784970E00D058F4 /* DetailProfileViewController.m */ = {isa = PBXFileReference; fileEncoding = 4; lastKnownFileType = sourcecode.c.objc; path = DetailProfileViewController.m; sourceTree = "<group>"; };
		54D317311784970E00D058F4 /* DetailProfileViewController.xib */ = {isa = PBXFileReference; fileEncoding = 4; lastKnownFileType = file.xib; path = DetailProfileViewController.xib; sourceTree = "<group>"; };
		54D3521B178DC89D0068953A /* AddressBookUI.framework */ = {isa = PBXFileReference; lastKnownFileType = wrapper.framework; name = AddressBookUI.framework; path = System/Library/Frameworks/AddressBookUI.framework; sourceTree = SDKROOT; };
		54D3521E178DC8C30068953A /* AddressBook.framework */ = {isa = PBXFileReference; lastKnownFileType = wrapper.framework; name = AddressBook.framework; path = System/Library/Frameworks/AddressBook.framework; sourceTree = SDKROOT; };
		54D35220178DCB230068953A /* DBFriendInviter.h */ = {isa = PBXFileReference; fileEncoding = 4; lastKnownFileType = sourcecode.c.h; path = DBFriendInviter.h; sourceTree = "<group>"; };
		54D35221178DCB230068953A /* DBFriendInviter.m */ = {isa = PBXFileReference; fileEncoding = 4; lastKnownFileType = sourcecode.c.objc; path = DBFriendInviter.m; sourceTree = "<group>"; };
		54D35223178DDA510068953A /* LoginRequests.h */ = {isa = PBXFileReference; fileEncoding = 4; lastKnownFileType = sourcecode.c.h; path = LoginRequests.h; sourceTree = "<group>"; };
		54D35224178DDA510068953A /* LoginRequests.m */ = {isa = PBXFileReference; fileEncoding = 4; lastKnownFileType = sourcecode.c.objc; path = LoginRequests.m; sourceTree = "<group>"; };
		54D35226178E1C200068953A /* KeychainWrapper.h */ = {isa = PBXFileReference; fileEncoding = 4; lastKnownFileType = sourcecode.c.h; path = KeychainWrapper.h; sourceTree = "<group>"; };
		54D35227178E1C200068953A /* KeychainWrapper.m */ = {isa = PBXFileReference; fileEncoding = 4; lastKnownFileType = sourcecode.c.objc; path = KeychainWrapper.m; sourceTree = "<group>"; };
		54E332D71781EEE400BFF6A4 /* JSONKit.m */ = {isa = PBXFileReference; fileEncoding = 4; lastKnownFileType = sourcecode.c.objc; path = JSONKit.m; sourceTree = "<group>"; };
		54E332D81781EEE400BFF6A4 /* JSONKit.h */ = {isa = PBXFileReference; fileEncoding = 4; lastKnownFileType = sourcecode.c.h; path = JSONKit.h; sourceTree = "<group>"; };
		54E332DA1781EEF700BFF6A4 /* OAuthConsumer.h */ = {isa = PBXFileReference; fileEncoding = 4; lastKnownFileType = sourcecode.c.h; path = OAuthConsumer.h; sourceTree = "<group>"; };
		54E332DB1781EEF700BFF6A4 /* OATokenManager.m */ = {isa = PBXFileReference; fileEncoding = 4; lastKnownFileType = sourcecode.c.objc; path = OATokenManager.m; sourceTree = "<group>"; };
		54E332DC1781EEF700BFF6A4 /* OATokenManager.h */ = {isa = PBXFileReference; fileEncoding = 4; lastKnownFileType = sourcecode.c.h; path = OATokenManager.h; sourceTree = "<group>"; };
		54E332DD1781EEF700BFF6A4 /* OAToken.m */ = {isa = PBXFileReference; fileEncoding = 4; lastKnownFileType = sourcecode.c.objc; path = OAToken.m; sourceTree = "<group>"; };
		54E332DE1781EEF700BFF6A4 /* OAToken.h */ = {isa = PBXFileReference; fileEncoding = 4; lastKnownFileType = sourcecode.c.h; path = OAToken.h; sourceTree = "<group>"; };
		54E332DF1781EEF700BFF6A4 /* OASignatureProviding.h */ = {isa = PBXFileReference; fileEncoding = 4; lastKnownFileType = sourcecode.c.h; path = OASignatureProviding.h; sourceTree = "<group>"; };
		54E332E01781EEF700BFF6A4 /* OAServiceTicket.m */ = {isa = PBXFileReference; fileEncoding = 4; lastKnownFileType = sourcecode.c.objc; path = OAServiceTicket.m; sourceTree = "<group>"; };
		54E332E11781EEF700BFF6A4 /* OAServiceTicket.h */ = {isa = PBXFileReference; fileEncoding = 4; lastKnownFileType = sourcecode.c.h; path = OAServiceTicket.h; sourceTree = "<group>"; };
		54E332E21781EEF700BFF6A4 /* OARequestParameter.m */ = {isa = PBXFileReference; fileEncoding = 4; lastKnownFileType = sourcecode.c.objc; path = OARequestParameter.m; sourceTree = "<group>"; };
		54E332E31781EEF700BFF6A4 /* OARequestParameter.h */ = {isa = PBXFileReference; fileEncoding = 4; lastKnownFileType = sourcecode.c.h; path = OARequestParameter.h; sourceTree = "<group>"; };
		54E332E41781EEF700BFF6A4 /* OAProblem.m */ = {isa = PBXFileReference; fileEncoding = 4; lastKnownFileType = sourcecode.c.objc; path = OAProblem.m; sourceTree = "<group>"; };
		54E332E51781EEF700BFF6A4 /* OAProblem.h */ = {isa = PBXFileReference; fileEncoding = 4; lastKnownFileType = sourcecode.c.h; path = OAProblem.h; sourceTree = "<group>"; };
		54E332E61781EEF700BFF6A4 /* OAPlaintextSignatureProvider.m */ = {isa = PBXFileReference; fileEncoding = 4; lastKnownFileType = sourcecode.c.objc; path = OAPlaintextSignatureProvider.m; sourceTree = "<group>"; };
		54E332E71781EEF700BFF6A4 /* OAPlaintextSignatureProvider.h */ = {isa = PBXFileReference; fileEncoding = 4; lastKnownFileType = sourcecode.c.h; path = OAPlaintextSignatureProvider.h; sourceTree = "<group>"; };
		54E332E81781EEF700BFF6A4 /* OAMutableURLRequest.m */ = {isa = PBXFileReference; fileEncoding = 4; lastKnownFileType = sourcecode.c.objc; path = OAMutableURLRequest.m; sourceTree = "<group>"; };
		54E332E91781EEF700BFF6A4 /* OAMutableURLRequest.h */ = {isa = PBXFileReference; fileEncoding = 4; lastKnownFileType = sourcecode.c.h; path = OAMutableURLRequest.h; sourceTree = "<group>"; };
		54E332EA1781EEF700BFF6A4 /* OAHMAC_SHA1SignatureProvider.m */ = {isa = PBXFileReference; fileEncoding = 4; lastKnownFileType = sourcecode.c.objc; path = OAHMAC_SHA1SignatureProvider.m; sourceTree = "<group>"; };
		54E332EB1781EEF700BFF6A4 /* OAHMAC_SHA1SignatureProvider.h */ = {isa = PBXFileReference; fileEncoding = 4; lastKnownFileType = sourcecode.c.h; path = OAHMAC_SHA1SignatureProvider.h; sourceTree = "<group>"; };
		54E332EC1781EEF700BFF6A4 /* OADataFetcher.m */ = {isa = PBXFileReference; fileEncoding = 4; lastKnownFileType = sourcecode.c.objc; path = OADataFetcher.m; sourceTree = "<group>"; };
		54E332ED1781EEF700BFF6A4 /* OADataFetcher.h */ = {isa = PBXFileReference; fileEncoding = 4; lastKnownFileType = sourcecode.c.h; path = OADataFetcher.h; sourceTree = "<group>"; };
		54E332EE1781EEF700BFF6A4 /* OAConsumer.m */ = {isa = PBXFileReference; fileEncoding = 4; lastKnownFileType = sourcecode.c.objc; path = OAConsumer.m; sourceTree = "<group>"; };
		54E332EF1781EEF700BFF6A4 /* OAConsumer.h */ = {isa = PBXFileReference; fileEncoding = 4; lastKnownFileType = sourcecode.c.h; path = OAConsumer.h; sourceTree = "<group>"; };
		54E332F01781EEF700BFF6A4 /* OACall.m */ = {isa = PBXFileReference; fileEncoding = 4; lastKnownFileType = sourcecode.c.objc; path = OACall.m; sourceTree = "<group>"; };
		54E332F11781EEF700BFF6A4 /* OACall.h */ = {isa = PBXFileReference; fileEncoding = 4; lastKnownFileType = sourcecode.c.h; path = OACall.h; sourceTree = "<group>"; };
		54E332F21781EEF700BFF6A4 /* OAAttachment.m */ = {isa = PBXFileReference; fileEncoding = 4; lastKnownFileType = sourcecode.c.objc; path = OAAttachment.m; sourceTree = "<group>"; };
		54E332F31781EEF700BFF6A4 /* OAAttachment.h */ = {isa = PBXFileReference; fileEncoding = 4; lastKnownFileType = sourcecode.c.h; path = OAAttachment.h; sourceTree = "<group>"; };
		54E332F41781EEF700BFF6A4 /* OAAtachmentF.h */ = {isa = PBXFileReference; fileEncoding = 4; lastKnownFileType = sourcecode.c.h; path = OAAtachmentF.h; sourceTree = "<group>"; };
		54E333011781EF0800BFF6A4 /* Base64Transcoder.c */ = {isa = PBXFileReference; fileEncoding = 4; lastKnownFileType = sourcecode.c.c; path = Base64Transcoder.c; sourceTree = "<group>"; };
		54E333021781EF0800BFF6A4 /* Base64Transcoder.h */ = {isa = PBXFileReference; fileEncoding = 4; lastKnownFileType = sourcecode.c.h; path = Base64Transcoder.h; sourceTree = "<group>"; };
		54E333031781EF0800BFF6A4 /* hmac.c */ = {isa = PBXFileReference; fileEncoding = 4; lastKnownFileType = sourcecode.c.c; path = hmac.c; sourceTree = "<group>"; };
		54E333041781EF0800BFF6A4 /* hmac.h */ = {isa = PBXFileReference; fileEncoding = 4; lastKnownFileType = sourcecode.c.h; path = hmac.h; sourceTree = "<group>"; };
		54E333051781EF0800BFF6A4 /* sha1.c */ = {isa = PBXFileReference; fileEncoding = 4; lastKnownFileType = sourcecode.c.c; path = sha1.c; sourceTree = "<group>"; };
		54E333061781EF0800BFF6A4 /* sha1.h */ = {isa = PBXFileReference; fileEncoding = 4; lastKnownFileType = sourcecode.c.h; path = sha1.h; sourceTree = "<group>"; };
		54E3330A1781EF1300BFF6A4 /* NSMutableURLRequest+Parameters.h */ = {isa = PBXFileReference; fileEncoding = 4; lastKnownFileType = sourcecode.c.h; path = "NSMutableURLRequest+Parameters.h"; sourceTree = "<group>"; };
		54E3330B1781EF1300BFF6A4 /* NSMutableURLRequest+Parameters.m */ = {isa = PBXFileReference; fileEncoding = 4; lastKnownFileType = sourcecode.c.objc; path = "NSMutableURLRequest+Parameters.m"; sourceTree = "<group>"; };
		54E3330C1781EF1300BFF6A4 /* NSString+URLEncoding.h */ = {isa = PBXFileReference; fileEncoding = 4; lastKnownFileType = sourcecode.c.h; path = "NSString+URLEncoding.h"; sourceTree = "<group>"; };
		54E3330D1781EF1300BFF6A4 /* NSString+URLEncoding.m */ = {isa = PBXFileReference; fileEncoding = 4; lastKnownFileType = sourcecode.c.objc; path = "NSString+URLEncoding.m"; sourceTree = "<group>"; };
		54E3330E1781EF1300BFF6A4 /* NSURL+Base.h */ = {isa = PBXFileReference; fileEncoding = 4; lastKnownFileType = sourcecode.c.h; path = "NSURL+Base.h"; sourceTree = "<group>"; };
		54E3330F1781EF1300BFF6A4 /* NSURL+Base.m */ = {isa = PBXFileReference; fileEncoding = 4; lastKnownFileType = sourcecode.c.objc; path = "NSURL+Base.m"; sourceTree = "<group>"; };
		54E333161781EF3100BFF6A4 /* OAuthLoginView.xib */ = {isa = PBXFileReference; fileEncoding = 4; lastKnownFileType = file.xib; path = OAuthLoginView.xib; sourceTree = "<group>"; };
		54E333171781EF3100BFF6A4 /* OAuthLoginView.m */ = {isa = PBXFileReference; fileEncoding = 4; lastKnownFileType = sourcecode.c.objc; path = OAuthLoginView.m; sourceTree = "<group>"; };
		54E333181781EF3100BFF6A4 /* OAuthLoginView.h */ = {isa = PBXFileReference; fileEncoding = 4; lastKnownFileType = sourcecode.c.h; path = OAuthLoginView.h; sourceTree = "<group>"; };
		54E333191781EF3100BFF6A4 /* linkedInBluebutton.png */ = {isa = PBXFileReference; lastKnownFileType = image.png; name = linkedInBluebutton.png; path = letslunch_iPhone2/linkedInBluebutton.png; sourceTree = "<group>"; };
		54E3331A1781EF3100BFF6A4 /* linkedInBluebutton-highlight.png */ = {isa = PBXFileReference; lastKnownFileType = image.png; name = "linkedInBluebutton-highlight.png"; path = "letslunch_iPhone2/linkedInBluebutton-highlight.png"; sourceTree = "<group>"; };
		54E4B57A17822C8E00BE5686 /* TwitterLoginViewController.h */ = {isa = PBXFileReference; fileEncoding = 4; lastKnownFileType = sourcecode.c.h; path = TwitterLoginViewController.h; sourceTree = "<group>"; };
		54E4B57B17822C8E00BE5686 /* TwitterLoginViewController.m */ = {isa = PBXFileReference; fileEncoding = 4; lastKnownFileType = sourcecode.c.objc; path = TwitterLoginViewController.m; sourceTree = "<group>"; };
		54E4B57C17822C8E00BE5686 /* TwitterLoginViewController.xib */ = {isa = PBXFileReference; fileEncoding = 4; lastKnownFileType = file.xib; path = TwitterLoginViewController.xib; sourceTree = "<group>"; };
		54E4B57F17822CE700BE5686 /* TwitterAuthenticator.h */ = {isa = PBXFileReference; fileEncoding = 4; lastKnownFileType = sourcecode.c.h; path = TwitterAuthenticator.h; sourceTree = "<group>"; };
		54E4B58017822CE700BE5686 /* TwitterAuthenticator.m */ = {isa = PBXFileReference; fileEncoding = 4; lastKnownFileType = sourcecode.c.objc; path = TwitterAuthenticator.m; sourceTree = "<group>"; };
		54E4B58117822CE700BE5686 /* TwitterRequest.h */ = {isa = PBXFileReference; fileEncoding = 4; lastKnownFileType = sourcecode.c.h; path = TwitterRequest.h; sourceTree = "<group>"; };
		54E4B58217822CE700BE5686 /* TwitterRequest.m */ = {isa = PBXFileReference; fileEncoding = 4; lastKnownFileType = sourcecode.c.objc; path = TwitterRequest.m; sourceTree = "<group>"; };
		54E4B58317822CE700BE5686 /* TwitterToken.h */ = {isa = PBXFileReference; fileEncoding = 4; lastKnownFileType = sourcecode.c.h; path = TwitterToken.h; sourceTree = "<group>"; };
		54E4B58417822CE700BE5686 /* TwitterToken.m */ = {isa = PBXFileReference; fileEncoding = 4; lastKnownFileType = sourcecode.c.objc; path = TwitterToken.m; sourceTree = "<group>"; };
		54E4B58817822CFB00BE5686 /* TwitterConsumer.h */ = {isa = PBXFileReference; fileEncoding = 4; lastKnownFileType = sourcecode.c.h; path = TwitterConsumer.h; sourceTree = "<group>"; };
		54E4B58917822CFB00BE5686 /* TwitterConsumer.m */ = {isa = PBXFileReference; fileEncoding = 4; lastKnownFileType = sourcecode.c.objc; path = TwitterConsumer.m; sourceTree = "<group>"; };
		54E4B58B17822D1200BE5686 /* TwitterUtils.h */ = {isa = PBXFileReference; fileEncoding = 4; lastKnownFileType = sourcecode.c.h; path = TwitterUtils.h; sourceTree = "<group>"; };
		54E4B58C17822D1200BE5686 /* TwitterUtils.m */ = {isa = PBXFileReference; fileEncoding = 4; lastKnownFileType = sourcecode.c.objc; path = TwitterUtils.m; sourceTree = "<group>"; };
		54E4B59017822D4D00BE5686 /* TwitterClouds.png */ = {isa = PBXFileReference; lastKnownFileType = image.png; path = TwitterClouds.png; sourceTree = "<group>"; };
		54E714CA176B95E200F39D73 /* ActivityViewController.h */ = {isa = PBXFileReference; fileEncoding = 4; lastKnownFileType = sourcecode.c.h; path = ActivityViewController.h; sourceTree = "<group>"; };
		54E714CB176B95E200F39D73 /* ActivityViewController.m */ = {isa = PBXFileReference; fileEncoding = 4; lastKnownFileType = sourcecode.c.objc; path = ActivityViewController.m; sourceTree = "<group>"; };
		54E714CC176B95E200F39D73 /* ActivityViewController.xib */ = {isa = PBXFileReference; fileEncoding = 4; lastKnownFileType = file.xib; path = ActivityViewController.xib; sourceTree = "<group>"; };
		54E714D0176B9EDA00F39D73 /* MessageViewController.h */ = {isa = PBXFileReference; fileEncoding = 4; lastKnownFileType = sourcecode.c.h; path = MessageViewController.h; sourceTree = "<group>"; };
		54E714D1176B9EDA00F39D73 /* MessageViewController.m */ = {isa = PBXFileReference; fileEncoding = 4; lastKnownFileType = sourcecode.c.objc; path = MessageViewController.m; sourceTree = "<group>"; };
		54E714D2176B9EDA00F39D73 /* MessageViewController.xib */ = {isa = PBXFileReference; fileEncoding = 4; lastKnownFileType = file.xib; path = MessageViewController.xib; sourceTree = "<group>"; };
		54E714D5176BA18800F39D73 /* FriendsViewController.h */ = {isa = PBXFileReference; fileEncoding = 4; lastKnownFileType = sourcecode.c.h; path = FriendsViewController.h; sourceTree = "<group>"; };
		54E714D6176BA18800F39D73 /* FriendsViewController.m */ = {isa = PBXFileReference; fileEncoding = 4; lastKnownFileType = sourcecode.c.objc; path = FriendsViewController.m; sourceTree = "<group>"; };
		54E714D7176BA18800F39D73 /* FriendsViewController.xib */ = {isa = PBXFileReference; fileEncoding = 4; lastKnownFileType = file.xib; path = FriendsViewController.xib; sourceTree = "<group>"; };
		54F5984F1770C96D0074F43C /* RightSidebarViewController.h */ = {isa = PBXFileReference; fileEncoding = 4; lastKnownFileType = sourcecode.c.h; path = RightSidebarViewController.h; sourceTree = "<group>"; };
		54F598501770C96D0074F43C /* RightSidebarViewController.m */ = {isa = PBXFileReference; fileEncoding = 4; lastKnownFileType = sourcecode.c.objc; path = RightSidebarViewController.m; sourceTree = "<group>"; };
		54F598541770EB360074F43C /* MessagesMenuItem.png */ = {isa = PBXFileReference; lastKnownFileType = image.png; path = MessagesMenuItem.png; sourceTree = "<group>"; };
		54F598551770EB360074F43C /* MessagesMenuItem@2x.png */ = {isa = PBXFileReference; lastKnownFileType = image.png; path = "MessagesMenuItem@2x.png"; sourceTree = "<group>"; };
		54F5985D1770EDE00074F43C /* ActivityMenuItem.png */ = {isa = PBXFileReference; lastKnownFileType = image.png; path = ActivityMenuItem.png; sourceTree = "<group>"; };
		54F5985E1770EDE00074F43C /* ActivityMenuItem@2x.png */ = {isa = PBXFileReference; lastKnownFileType = image.png; path = "ActivityMenuItem@2x.png"; sourceTree = "<group>"; };
		54F598611770EF210074F43C /* FriendsMenuItem.png */ = {isa = PBXFileReference; lastKnownFileType = image.png; path = FriendsMenuItem.png; sourceTree = "<group>"; };
		54F598621770EF210074F43C /* FriendsMenuItem@2x.png */ = {isa = PBXFileReference; lastKnownFileType = image.png; path = "FriendsMenuItem@2x.png"; sourceTree = "<group>"; };
		54F59865177121F60074F43C /* BackgroundMenuItem.png */ = {isa = PBXFileReference; lastKnownFileType = image.png; path = BackgroundMenuItem.png; sourceTree = "<group>"; };
		54F59867177124930074F43C /* BackgroundMenuItemSelected.png */ = {isa = PBXFileReference; lastKnownFileType = image.png; path = BackgroundMenuItemSelected.png; sourceTree = "<group>"; };
		54F5986917712EEA0074F43C /* BackgroundMenu.png */ = {isa = PBXFileReference; lastKnownFileType = image.png; path = BackgroundMenu.png; sourceTree = "<group>"; };
		54F5986C17713A4A0074F43C /* BackgroundSharing.png */ = {isa = PBXFileReference; lastKnownFileType = image.png; path = BackgroundSharing.png; sourceTree = "<group>"; };
		54F5986D17713A4A0074F43C /* FindFriendsButton.png */ = {isa = PBXFileReference; lastKnownFileType = image.png; path = FindFriendsButton.png; sourceTree = "<group>"; };
		54F5986E17713A4A0074F43C /* InviteFriendsButton.png */ = {isa = PBXFileReference; lastKnownFileType = image.png; path = InviteFriendsButton.png; sourceTree = "<group>"; };
		54F971F6177CE12B006F6FE5 /* ShareViewController.h */ = {isa = PBXFileReference; fileEncoding = 4; lastKnownFileType = sourcecode.c.h; path = ShareViewController.h; sourceTree = "<group>"; };
		54F971F7177CE12B006F6FE5 /* ShareViewController.m */ = {isa = PBXFileReference; fileEncoding = 4; lastKnownFileType = sourcecode.c.objc; path = ShareViewController.m; sourceTree = "<group>"; };
		54F971F8177CE12B006F6FE5 /* ShareViewController.xib */ = {isa = PBXFileReference; fileEncoding = 4; lastKnownFileType = file.xib; path = ShareViewController.xib; sourceTree = "<group>"; };
		54F97200177CE711006F6FE5 /* ImageShare.png */ = {isa = PBXFileReference; lastKnownFileType = image.png; path = ImageShare.png; sourceTree = "<group>"; };
		54F97201177CE711006F6FE5 /* ImageShare@2x.png */ = {isa = PBXFileReference; lastKnownFileType = image.png; path = "ImageShare@2x.png"; sourceTree = "<group>"; };
		54F97204177CFFE7006F6FE5 /* LoginViewController.h */ = {isa = PBXFileReference; fileEncoding = 4; lastKnownFileType = sourcecode.c.h; path = LoginViewController.h; sourceTree = "<group>"; };
		54F97205177CFFE7006F6FE5 /* LoginViewController.m */ = {isa = PBXFileReference; fileEncoding = 4; lastKnownFileType = sourcecode.c.objc; path = LoginViewController.m; sourceTree = "<group>"; };
		54F97206177CFFE7006F6FE5 /* LoginViewController.xib */ = {isa = PBXFileReference; fileEncoding = 4; lastKnownFileType = file.xib; path = LoginViewController.xib; sourceTree = "<group>"; };
		54FD4A881790AD470045B2DE /* CenterViewControllerImportFile.h */ = {isa = PBXFileReference; lastKnownFileType = sourcecode.c.h; path = CenterViewControllerImportFile.h; sourceTree = "<group>"; };
		54FE68FB17736B1000AD7987 /* ButtonMenuRight.png */ = {isa = PBXFileReference; lastKnownFileType = image.png; path = ButtonMenuRight.png; sourceTree = "<group>"; };
/* End PBXFileReference section */

/* Begin PBXFrameworksBuildPhase section */
		548D36A8176B819300154C36 /* Frameworks */ = {
			isa = PBXFrameworksBuildPhase;
			buildActionMask = 2147483647;
			files = (
				54D3521F178DC8C30068953A /* AddressBook.framework in Frameworks */,
				54D3521C178DC89D0068953A /* AddressBookUI.framework in Frameworks */,
				5437770A1783A1D3000CEBAF /* Twitter.framework in Frameworks */,
				5457139A177E48F4006A69CE /* Social.framework in Frameworks */,
				54571398177E48EF006A69CE /* Security.framework in Frameworks */,
				54571396177E48E8006A69CE /* libsqlite3.dylib in Frameworks */,
				54571394177E48D7006A69CE /* Accounts.framework in Frameworks */,
				54571392177E48CF006A69CE /* AdSupport.framework in Frameworks */,
				549ADAC0176BE15A001F1D3F /* CoreLocation.framework in Frameworks */,
				549ADABE176BE14F001F1D3F /* MapKit.framework in Frameworks */,
				549ADABC176BE148001F1D3F /* libQuickDialog.a in Frameworks */,
				548D36D4176B81E900154C36 /* QuartzCore.framework in Frameworks */,
				548D36AF176B819300154C36 /* UIKit.framework in Frameworks */,
				548D36B1176B819300154C36 /* Foundation.framework in Frameworks */,
				548D36B3176B819300154C36 /* CoreGraphics.framework in Frameworks */,
				5457138E177E476C006A69CE /* FacebookSDK.framework in Frameworks */,
			);
			runOnlyForDeploymentPostprocessing = 0;
		};
/* End PBXFrameworksBuildPhase section */

/* Begin PBXGroup section */
		5400D002177A597B002CC092 /* Message */ = {
			isa = PBXGroup;
			children = (
				5400D003177A598D002CC092 /* MessageFromSelf.png */,
				5400D004177A598D002CC092 /* MessageToSelf.png */,
			);
			name = Message;
			sourceTree = "<group>";
		};
		5400D00A177A625F002CC092 /* Activity */ = {
			isa = PBXGroup;
			children = (
				5445A68B17790C0C00F3EC97 /* buttonBroadcastAvailability.png */,
				5445A68C17790C0C00F3EC97 /* buttonBroadcastAvailability@2x.png */,
			);
			name = Activity;
			sourceTree = "<group>";
		};
		5400D00B177A6288002CC092 /* CenterBar */ = {
			isa = PBXGroup;
			children = (
				548D36D6176B821B00154C36 /* ButtonMenuLeft.png */,
				54FE68FB17736B1000AD7987 /* ButtonMenuRight.png */,
				548D36D7176B821B00154C36 /* ButtonMenuLeft@2x.png */,
			);
			name = CenterBar;
			sourceTree = "<group>";
		};
		5400D00C177A62A6002CC092 /* Other */ = {
			isa = PBXGroup;
			children = (
				548D36C0176B819300154C36 /* Default.png */,
				548D36C2176B819300154C36 /* Default@2x.png */,
				548D36C4176B819300154C36 /* Default-568h@2x.png */,
			);
			name = Other;
			sourceTree = "<group>";
		};
		540560DD178F2D71009679F4 /* Profile */ = {
			isa = PBXGroup;
			children = (
				540560E3178F2F73009679F4 /* ProfileRequest.h */,
				540560E4178F2F73009679F4 /* ProfileRequest.m */,
			);
			name = Profile;
			sourceTree = "<group>";
		};
		54403821176B8E4D00AA3588 /* API */ = {
			isa = PBXGroup;
			children = (
				54FD4A8A1790B6010045B2DE /* Foursquare */,
				540560DD178F2D71009679F4 /* Profile */,
				54D317341784F52200D058F4 /* Login */,
				54403822176B8E5D00AA3588 /* GetStaticLists.h */,
				54403823176B8E5D00AA3588 /* GetStaticLists.m */,
				54D35226178E1C200068953A /* KeychainWrapper.h */,
				54D35227178E1C200068953A /* KeychainWrapper.m */,
				540560CF178F272E009679F4 /* MutableRequest.h */,
				540560D0178F272E009679F4 /* MutableRequest.m */,
			);
			name = API;
			path = ..;
			sourceTree = "<group>";
		};
		5445A6891778D6A100F3EC97 /* Master */ = {
			isa = PBXGroup;
			children = (
				54E714CA176B95E200F39D73 /* ActivityViewController.h */,
				54E714CB176B95E200F39D73 /* ActivityViewController.m */,
				54E714CC176B95E200F39D73 /* ActivityViewController.xib */,
				5400CFFD177A0C98002CC092 /* ContactViewController.h */,
				5400CFFE177A0C98002CC092 /* ContactViewController.m */,
				5400CFFF177A0C98002CC092 /* ContactViewController.xib */,
				54E714D5176BA18800F39D73 /* FriendsViewController.h */,
				54E714D6176BA18800F39D73 /* FriendsViewController.m */,
				54E714D7176BA18800F39D73 /* FriendsViewController.xib */,
				540560DE178F2E6D009679F4 /* ProfileViewController.h */,
				540560DF178F2E6D009679F4 /* ProfileViewController.m */,
				540560E0178F2E6D009679F4 /* ProfileViewController.xib */,
			);
			name = Master;
			sourceTree = "<group>";
		};
		5445A68A1778D6A500F3EC97 /* Detail */ = {
			isa = PBXGroup;
			children = (
				547D54D91773B2240069D837 /* Objects */,
				544DBE611773DC5A00055C8A /* NearbyVenuesViewController.h */,
				544DBE621773DC5A00055C8A /* NearbyVenuesViewController.m */,
				544DBE631773DC5A00055C8A /* NearbyVenuesViewController.xib */,
				54F971FB177CE13E006F6FE5 /* Share */,
				549ADAAE176BCAF2001F1D3F /* CreateActivityViewController.h */,
				549ADAAA176BCAD5001F1D3F /* CreateActivityViewController.m */,
				549ADAAB176BCAD5001F1D3F /* CreateActivityViewController.xib */,
				54D3172F1784970E00D058F4 /* DetailProfileViewController.h */,
				54D317301784970E00D058F4 /* DetailProfileViewController.m */,
				54D317311784970E00D058F4 /* DetailProfileViewController.xib */,
				54E714D0176B9EDA00F39D73 /* MessageViewController.h */,
				54E714D1176B9EDA00F39D73 /* MessageViewController.m */,
				54E714D2176B9EDA00F39D73 /* MessageViewController.xib */,
				5400D007177A59DB002CC092 /* ThreadCell.h */,
				5400D008177A59DB002CC092 /* ThreadCell.m */,
			);
			name = Detail;
			sourceTree = "<group>";
		};
		5445A68F1779194B00F3EC97 /* Class */ = {
			isa = PBXGroup;
			children = (
				5445A6901779195B00F3EC97 /* Contacts.h */,
				5445A6911779195B00F3EC97 /* Contacts.m */,
				5445A69317791AF900F3EC97 /* Messages.h */,
				5445A69417791AF900F3EC97 /* Messages.m */,
				5445A6961779210600F3EC97 /* Activity.h */,
				5445A6971779210600F3EC97 /* Activity.m */,
			);
			name = Class;
			sourceTree = "<group>";
		};
		547D54D91773B2240069D837 /* Objects */ = {
			isa = PBXGroup;
			children = (
				547D54DA1773B2300069D837 /* FSVenue.h */,
				547D54DB1773B2300069D837 /* FSVenue.m */,
				547D54DC1773B2300069D837 /* FSConverter.h */,
				547D54DD1773B2300069D837 /* FSConverter.m */,
			);
			name = Objects;
			sourceTree = "<group>";
		};
		548D36A2176B819300154C36 = {
			isa = PBXGroup;
			children = (
				548D36D2176B81C600154C36 /* JTRevealSidebarV2 */,
				548D36B4176B819300154C36 /* letslunch_iPhone2 */,
				548D36AD176B819300154C36 /* Frameworks */,
				548D36AC176B819300154C36 /* Products */,
			);
			sourceTree = "<group>";
		};
		548D36AC176B819300154C36 /* Products */ = {
			isa = PBXGroup;
			children = (
				548D36AB176B819300154C36 /* letslunch_iPhone2.app */,
			);
			name = Products;
			sourceTree = "<group>";
		};
		548D36AD176B819300154C36 /* Frameworks */ = {
			isa = PBXGroup;
			children = (
				549ADAB1176BE11D001F1D3F /* QuickDialog.xcodeproj */,
				54571395177E48E8006A69CE /* libsqlite3.dylib */,
				5457138F177E48A4006A69CE /* FacebookSDKResources.bundle */,
				54571393177E48D7006A69CE /* Accounts.framework */,
				54D3521E178DC8C30068953A /* AddressBook.framework */,
				54D3521B178DC89D0068953A /* AddressBookUI.framework */,
				54571391177E48CF006A69CE /* AdSupport.framework */,
				548D36B2176B819300154C36 /* CoreGraphics.framework */,
				549ADABF176BE159001F1D3F /* CoreLocation.framework */,
				5457138D177E476C006A69CE /* FacebookSDK.framework */,
				548D36B0176B819300154C36 /* Foundation.framework */,
				549ADABD176BE14F001F1D3F /* MapKit.framework */,
				548D36D3176B81E900154C36 /* QuartzCore.framework */,
				548D36AE176B819300154C36 /* UIKit.framework */,
				54571397177E48EF006A69CE /* Security.framework */,
				54571399177E48F4006A69CE /* Social.framework */,
				543777091783A1D3000CEBAF /* Twitter.framework */,
			);
			name = Frameworks;
			sourceTree = "<group>";
		};
		548D36B4176B819300154C36 /* letslunch_iPhone2 */ = {
			isa = PBXGroup;
			children = (
				5445A68F1779194B00F3EC97 /* Class */,
				54F5984E1770C9350074F43C /* BarsViewController */,
				54E714C9176B95B500F39D73 /* ViewControllers */,
				54403821176B8E4D00AA3588 /* API */,
				548D36BD176B819300154C36 /* AppDelegate.h */,
				548D36BE176B819300154C36 /* AppDelegate.m */,
				548D36DA176B823700154C36 /* CenterViewController.h */,
				548D36DB176B823700154C36 /* CenterViewController.m */,
				54FD4A881790AD470045B2DE /* CenterViewControllerImportFile.h */,
				548D36B5176B819300154C36 /* Supporting Files */,
				548D36D5176B820700154C36 /* Images */,
			);
			path = letslunch_iPhone2;
			sourceTree = "<group>";
		};
		548D36B5176B819300154C36 /* Supporting Files */ = {
			isa = PBXGroup;
			children = (
				548D36B6176B819300154C36 /* letslunch_iPhone2-Info.plist */,
				548D36B7176B819300154C36 /* InfoPlist.strings */,
				548D36BA176B819300154C36 /* main.m */,
				548D36BC176B819300154C36 /* letslunch_iPhone2-Prefix.pch */,
				5457138C177E39C1006A69CE /* constants.h */,
			);
			name = "Supporting Files";
			sourceTree = "<group>";
		};
		548D36D2176B81C600154C36 /* JTRevealSidebarV2 */ = {
			isa = PBXGroup;
			children = (
				548D36CB176B81B700154C36 /* JTRevealSidebarV2Delegate.h */,
				548D36CC176B81B700154C36 /* UINavigationItem+JTRevealSidebarV2.h */,
				548D36CD176B81B700154C36 /* UINavigationItem+JTRevealSidebarV2.m */,
				548D36CE176B81B700154C36 /* UIViewController+JTRevealSidebarV2.h */,
				548D36CF176B81B700154C36 /* UIViewController+JTRevealSidebarV2.m */,
			);
			name = JTRevealSidebarV2;
			sourceTree = "<group>";
		};
		548D36D5176B820700154C36 /* Images */ = {
			isa = PBXGroup;
			children = (
				54E4B58F17822D2E00BE5686 /* Twitter */,
				54E4B58E17822D2700BE5686 /* LinkedIn */,
				5400D00C177A62A6002CC092 /* Other */,
				5400D00B177A6288002CC092 /* CenterBar */,
				5400D00A177A625F002CC092 /* Activity */,
				5400D002177A597B002CC092 /* Message */,
				54F5986B17713A210074F43C /* Sharing */,
				54F5985C1770ECEF0074F43C /* LeftBarMenu */,
			);
			name = Images;
			path = ..;
			sourceTree = "<group>";
		};
		549ADAB2176BE11D001F1D3F /* Products */ = {
			isa = PBXGroup;
			children = (
				549ADAB7176BE11D001F1D3F /* QuickDialogExample.app */,
				549ADAB9176BE11D001F1D3F /* libQuickDialog.a */,
			);
			name = Products;
			sourceTree = "<group>";
		};
		54D317341784F52200D058F4 /* Login */ = {
			isa = PBXGroup;
			children = (
				54E332D11781ED1E00BFF6A4 /* LinkedIn */,
				54E4B57817822C7400BE5686 /* Twitter */,
				54F97204177CFFE7006F6FE5 /* LoginViewController.h */,
				54F97205177CFFE7006F6FE5 /* LoginViewController.m */,
				54F97206177CFFE7006F6FE5 /* LoginViewController.xib */,
				54E333181781EF3100BFF6A4 /* OAuthLoginView.h */,
				54E333171781EF3100BFF6A4 /* OAuthLoginView.m */,
				54E333161781EF3100BFF6A4 /* OAuthLoginView.xib */,
				5437770417837171000CEBAF /* Provider.h */,
				5437770517837171000CEBAF /* Provider.m */,
				54D35223178DDA510068953A /* LoginRequests.h */,
				54D35224178DDA510068953A /* LoginRequests.m */,
			);
			name = Login;
			path = letslunch_iPhone2;
			sourceTree = "<group>";
		};
		54E332D11781ED1E00BFF6A4 /* LinkedIn */ = {
			isa = PBXGroup;
			children = (
				54E332D51781EEC600BFF6A4 /* OAuth */,
				54E332D61781EED200BFF6A4 /* Categories */,
				54E332D41781EEBC00BFF6A4 /* Crypto */,
				54E332D31781EEB600BFF6A4 /* JSON */,
			);
			name = LinkedIn;
			sourceTree = "<group>";
		};
		54E332D31781EEB600BFF6A4 /* JSON */ = {
			isa = PBXGroup;
			children = (
				54E332D71781EEE400BFF6A4 /* JSONKit.m */,
				54E332D81781EEE400BFF6A4 /* JSONKit.h */,
			);
			name = JSON;
			sourceTree = "<group>";
		};
		54E332D41781EEBC00BFF6A4 /* Crypto */ = {
			isa = PBXGroup;
			children = (
				54E333011781EF0800BFF6A4 /* Base64Transcoder.c */,
				54E333021781EF0800BFF6A4 /* Base64Transcoder.h */,
				54E333031781EF0800BFF6A4 /* hmac.c */,
				54E333041781EF0800BFF6A4 /* hmac.h */,
				54E333051781EF0800BFF6A4 /* sha1.c */,
				54E333061781EF0800BFF6A4 /* sha1.h */,
			);
			name = Crypto;
			sourceTree = "<group>";
		};
		54E332D51781EEC600BFF6A4 /* OAuth */ = {
			isa = PBXGroup;
			children = (
				54E332DA1781EEF700BFF6A4 /* OAuthConsumer.h */,
				54E332DB1781EEF700BFF6A4 /* OATokenManager.m */,
				54E332DC1781EEF700BFF6A4 /* OATokenManager.h */,
				54E332DD1781EEF700BFF6A4 /* OAToken.m */,
				54E332DE1781EEF700BFF6A4 /* OAToken.h */,
				54E332DF1781EEF700BFF6A4 /* OASignatureProviding.h */,
				54E332E01781EEF700BFF6A4 /* OAServiceTicket.m */,
				54E332E11781EEF700BFF6A4 /* OAServiceTicket.h */,
				54E332E21781EEF700BFF6A4 /* OARequestParameter.m */,
				54E332E31781EEF700BFF6A4 /* OARequestParameter.h */,
				54E332E41781EEF700BFF6A4 /* OAProblem.m */,
				54E332E51781EEF700BFF6A4 /* OAProblem.h */,
				54E332E61781EEF700BFF6A4 /* OAPlaintextSignatureProvider.m */,
				54E332E71781EEF700BFF6A4 /* OAPlaintextSignatureProvider.h */,
				54E332E81781EEF700BFF6A4 /* OAMutableURLRequest.m */,
				54E332E91781EEF700BFF6A4 /* OAMutableURLRequest.h */,
				54E332EA1781EEF700BFF6A4 /* OAHMAC_SHA1SignatureProvider.m */,
				54E332EB1781EEF700BFF6A4 /* OAHMAC_SHA1SignatureProvider.h */,
				54E332EC1781EEF700BFF6A4 /* OADataFetcher.m */,
				54E332ED1781EEF700BFF6A4 /* OADataFetcher.h */,
				54E332EE1781EEF700BFF6A4 /* OAConsumer.m */,
				54E332EF1781EEF700BFF6A4 /* OAConsumer.h */,
				54E332F01781EEF700BFF6A4 /* OACall.m */,
				54E332F11781EEF700BFF6A4 /* OACall.h */,
				54E332F21781EEF700BFF6A4 /* OAAttachment.m */,
				54E332F31781EEF700BFF6A4 /* OAAttachment.h */,
				54E332F41781EEF700BFF6A4 /* OAAtachmentF.h */,
			);
			name = OAuth;
			sourceTree = "<group>";
		};
		54E332D61781EED200BFF6A4 /* Categories */ = {
			isa = PBXGroup;
			children = (
				54E3330A1781EF1300BFF6A4 /* NSMutableURLRequest+Parameters.h */,
				54E3330B1781EF1300BFF6A4 /* NSMutableURLRequest+Parameters.m */,
				54E3330C1781EF1300BFF6A4 /* NSString+URLEncoding.h */,
				54E3330D1781EF1300BFF6A4 /* NSString+URLEncoding.m */,
				54E3330E1781EF1300BFF6A4 /* NSURL+Base.h */,
				54E3330F1781EF1300BFF6A4 /* NSURL+Base.m */,
			);
			name = Categories;
			sourceTree = "<group>";
		};
		54E4B57817822C7400BE5686 /* Twitter */ = {
			isa = PBXGroup;
			children = (
				54E4B57A17822C8E00BE5686 /* TwitterLoginViewController.h */,
				54E4B57B17822C8E00BE5686 /* TwitterLoginViewController.m */,
				54E4B57C17822C8E00BE5686 /* TwitterLoginViewController.xib */,
				54E4B57F17822CE700BE5686 /* TwitterAuthenticator.h */,
				54E4B58017822CE700BE5686 /* TwitterAuthenticator.m */,
				54E4B58117822CE700BE5686 /* TwitterRequest.h */,
				54E4B58217822CE700BE5686 /* TwitterRequest.m */,
				54E4B58317822CE700BE5686 /* TwitterToken.h */,
				54E4B58417822CE700BE5686 /* TwitterToken.m */,
				54E4B58817822CFB00BE5686 /* TwitterConsumer.h */,
				54E4B58917822CFB00BE5686 /* TwitterConsumer.m */,
				54E4B58B17822D1200BE5686 /* TwitterUtils.h */,
				54E4B58C17822D1200BE5686 /* TwitterUtils.m */,
			);
			name = Twitter;
			sourceTree = "<group>";
		};
		54E4B58E17822D2700BE5686 /* LinkedIn */ = {
			isa = PBXGroup;
			children = (
				54E333191781EF3100BFF6A4 /* linkedInBluebutton.png */,
				54E3331A1781EF3100BFF6A4 /* linkedInBluebutton-highlight.png */,
			);
			name = LinkedIn;
			sourceTree = "<group>";
		};
		54E4B58F17822D2E00BE5686 /* Twitter */ = {
			isa = PBXGroup;
			children = (
				54E4B59017822D4D00BE5686 /* TwitterClouds.png */,
			);
			name = Twitter;
			sourceTree = "<group>";
		};
		54E714C9176B95B500F39D73 /* ViewControllers */ = {
			isa = PBXGroup;
			children = (
				5445A68A1778D6A500F3EC97 /* Detail */,
				5445A6891778D6A100F3EC97 /* Master */,
			);
			name = ViewControllers;
			sourceTree = "<group>";
		};
		54F5984E1770C9350074F43C /* BarsViewController */ = {
			isa = PBXGroup;
			children = (
				54D35220178DCB230068953A /* DBFriendInviter.h */,
				54D35221178DCB230068953A /* DBFriendInviter.m */,
				548D36DC176B823700154C36 /* LeftSidebarViewController.h */,
				548D36DD176B823700154C36 /* LeftSidebarViewController.m */,
				54F5984F1770C96D0074F43C /* RightSidebarViewController.h */,
				54F598501770C96D0074F43C /* RightSidebarViewController.m */,
			);
			name = BarsViewController;
			sourceTree = "<group>";
		};
		54F5985C1770ECEF0074F43C /* LeftBarMenu */ = {
			isa = PBXGroup;
			children = (
				54F5986917712EEA0074F43C /* BackgroundMenu.png */,
				54F59867177124930074F43C /* BackgroundMenuItemSelected.png */,
				54F59865177121F60074F43C /* BackgroundMenuItem.png */,
				54F598611770EF210074F43C /* FriendsMenuItem.png */,
				54F598621770EF210074F43C /* FriendsMenuItem@2x.png */,
				54F5985D1770EDE00074F43C /* ActivityMenuItem.png */,
				54F5985E1770EDE00074F43C /* ActivityMenuItem@2x.png */,
				54F598541770EB360074F43C /* MessagesMenuItem.png */,
				54F598551770EB360074F43C /* MessagesMenuItem@2x.png */,
			);
			name = LeftBarMenu;
			sourceTree = "<group>";
		};
		54F5986B17713A210074F43C /* Sharing */ = {
			isa = PBXGroup;
			children = (
				54F97200177CE711006F6FE5 /* ImageShare.png */,
				54F97201177CE711006F6FE5 /* ImageShare@2x.png */,
				54F5986C17713A4A0074F43C /* BackgroundSharing.png */,
				54F5986D17713A4A0074F43C /* FindFriendsButton.png */,
				54F5986E17713A4A0074F43C /* InviteFriendsButton.png */,
				5409986B177239F2003DFD70 /* ShareButton.png */,
			);
			name = Sharing;
			sourceTree = "<group>";
		};
		54F971FB177CE13E006F6FE5 /* Share */ = {
			isa = PBXGroup;
			children = (
				54F971F6177CE12B006F6FE5 /* ShareViewController.h */,
				54F971F7177CE12B006F6FE5 /* ShareViewController.m */,
				54F971F8177CE12B006F6FE5 /* ShareViewController.xib */,
			);
			name = Share;
			sourceTree = "<group>";
		};
		54FD4A8A1790B6010045B2DE /* Foursquare */ = {
			isa = PBXGroup;
			children = (
				547D54CF1773B21F0069D837 /* Foursquare2.h */,
				547D54D01773B21F0069D837 /* Foursquare2.m */,
				547D54D11773B21F0069D837 /* FSRequester.h */,
				547D54D21773B21F0069D837 /* FSRequester.m */,
				547D54D31773B21F0069D837 /* FSTargetCallback.h */,
				547D54D41773B21F0069D837 /* FSTargetCallback.m */,
			);
			name = Foursquare;
			sourceTree = "<group>";
		};
/* End PBXGroup section */

/* Begin PBXNativeTarget section */
		548D36AA176B819300154C36 /* letslunch_iPhone2 */ = {
			isa = PBXNativeTarget;
			buildConfigurationList = 548D36C8176B819300154C36 /* Build configuration list for PBXNativeTarget "letslunch_iPhone2" */;
			buildPhases = (
				548D36A7176B819300154C36 /* Sources */,
				548D36A8176B819300154C36 /* Frameworks */,
				548D36A9176B819300154C36 /* Resources */,
			);
			buildRules = (
			);
			dependencies = (
				549ADABB176BE137001F1D3F /* PBXTargetDependency */,
			);
			name = letslunch_iPhone2;
			productName = letslunch_iPhone2;
			productReference = 548D36AB176B819300154C36 /* letslunch_iPhone2.app */;
			productType = "com.apple.product-type.application";
		};
/* End PBXNativeTarget section */

/* Begin PBXProject section */
		548D36A3176B819300154C36 /* Project object */ = {
			isa = PBXProject;
			attributes = {
				LastUpgradeCheck = 0460;
				ORGANIZATIONNAME = "Florian Reiss";
			};
			buildConfigurationList = 548D36A6176B819300154C36 /* Build configuration list for PBXProject "letslunch_iPhone2" */;
			compatibilityVersion = "Xcode 3.2";
			developmentRegion = English;
			hasScannedForEncodings = 0;
			knownRegions = (
				en,
			);
			mainGroup = 548D36A2176B819300154C36;
			productRefGroup = 548D36AC176B819300154C36 /* Products */;
			projectDirPath = "";
			projectReferences = (
				{
					ProductGroup = 549ADAB2176BE11D001F1D3F /* Products */;
					ProjectRef = 549ADAB1176BE11D001F1D3F /* QuickDialog.xcodeproj */;
				},
			);
			projectRoot = "";
			targets = (
				548D36AA176B819300154C36 /* letslunch_iPhone2 */,
			);
		};
/* End PBXProject section */

/* Begin PBXReferenceProxy section */
		549ADAB7176BE11D001F1D3F /* QuickDialogExample.app */ = {
			isa = PBXReferenceProxy;
			fileType = wrapper.application;
			path = QuickDialogExample.app;
			remoteRef = 549ADAB6176BE11D001F1D3F /* PBXContainerItemProxy */;
			sourceTree = BUILT_PRODUCTS_DIR;
		};
		549ADAB9176BE11D001F1D3F /* libQuickDialog.a */ = {
			isa = PBXReferenceProxy;
			fileType = archive.ar;
			path = libQuickDialog.a;
			remoteRef = 549ADAB8176BE11D001F1D3F /* PBXContainerItemProxy */;
			sourceTree = BUILT_PRODUCTS_DIR;
		};
/* End PBXReferenceProxy section */

/* Begin PBXResourcesBuildPhase section */
		548D36A9176B819300154C36 /* Resources */ = {
			isa = PBXResourcesBuildPhase;
			buildActionMask = 2147483647;
			files = (
				548D36B9176B819300154C36 /* InfoPlist.strings in Resources */,
				548D36C1176B819300154C36 /* Default.png in Resources */,
				548D36C3176B819300154C36 /* Default@2x.png in Resources */,
				548D36C5176B819300154C36 /* Default-568h@2x.png in Resources */,
				548D36D8176B821B00154C36 /* ButtonMenuLeft.png in Resources */,
				548D36D9176B821B00154C36 /* ButtonMenuLeft@2x.png in Resources */,
				54E714CE176B95E200F39D73 /* ActivityViewController.xib in Resources */,
				54E714D4176B9EDA00F39D73 /* MessageViewController.xib in Resources */,
				54E714D9176BA18800F39D73 /* FriendsViewController.xib in Resources */,
				549ADAAD176BCAD5001F1D3F /* CreateActivityViewController.xib in Resources */,
				54F598561770EB360074F43C /* MessagesMenuItem.png in Resources */,
				54F598571770EB360074F43C /* MessagesMenuItem@2x.png in Resources */,
				54F5985F1770EDE00074F43C /* ActivityMenuItem.png in Resources */,
				54F598601770EDE00074F43C /* ActivityMenuItem@2x.png in Resources */,
				54F598631770EF210074F43C /* FriendsMenuItem.png in Resources */,
				54F598641770EF210074F43C /* FriendsMenuItem@2x.png in Resources */,
				54F59866177121F60074F43C /* BackgroundMenuItem.png in Resources */,
				54F59868177124930074F43C /* BackgroundMenuItemSelected.png in Resources */,
				54F5986A17712EEA0074F43C /* BackgroundMenu.png in Resources */,
				54F5986F17713A4A0074F43C /* BackgroundSharing.png in Resources */,
				54F5987017713A4A0074F43C /* FindFriendsButton.png in Resources */,
				54F5987117713A4A0074F43C /* InviteFriendsButton.png in Resources */,
				5409986C177239F2003DFD70 /* ShareButton.png in Resources */,
				54FE68FC17736B1000AD7987 /* ButtonMenuRight.png in Resources */,
				544DBE651773DC5A00055C8A /* NearbyVenuesViewController.xib in Resources */,
				5445A68D17790C0C00F3EC97 /* buttonBroadcastAvailability.png in Resources */,
				5445A68E17790C0C00F3EC97 /* buttonBroadcastAvailability@2x.png in Resources */,
				5400D001177A0C98002CC092 /* ContactViewController.xib in Resources */,
				5400D005177A598D002CC092 /* MessageFromSelf.png in Resources */,
				5400D006177A598D002CC092 /* MessageToSelf.png in Resources */,
				54F971FA177CE12B006F6FE5 /* ShareViewController.xib in Resources */,
				54F97202177CE711006F6FE5 /* ImageShare.png in Resources */,
				54F97203177CE711006F6FE5 /* ImageShare@2x.png in Resources */,
				54F97208177CFFE8006F6FE5 /* LoginViewController.xib in Resources */,
				54571390177E48A5006A69CE /* FacebookSDKResources.bundle in Resources */,
				54E3331D1781EF3100BFF6A4 /* OAuthLoginView.xib in Resources */,
				54E3331F1781EF3100BFF6A4 /* linkedInBluebutton.png in Resources */,
				54E333201781EF3100BFF6A4 /* linkedInBluebutton-highlight.png in Resources */,
				54E4B57E17822C8E00BE5686 /* TwitterLoginViewController.xib in Resources */,
				54E4B59117822D4D00BE5686 /* TwitterClouds.png in Resources */,
				54D317331784970E00D058F4 /* DetailProfileViewController.xib in Resources */,
				540560E2178F2E6D009679F4 /* ProfileViewController.xib in Resources */,
			);
			runOnlyForDeploymentPostprocessing = 0;
		};
/* End PBXResourcesBuildPhase section */

/* Begin PBXSourcesBuildPhase section */
		548D36A7176B819300154C36 /* Sources */ = {
			isa = PBXSourcesBuildPhase;
			buildActionMask = 2147483647;
			files = (
				548D36BB176B819300154C36 /* main.m in Sources */,
				548D36BF176B819300154C36 /* AppDelegate.m in Sources */,
				548D36D0176B81B700154C36 /* UINavigationItem+JTRevealSidebarV2.m in Sources */,
				548D36D1176B81B700154C36 /* UIViewController+JTRevealSidebarV2.m in Sources */,
				548D36E0176B823700154C36 /* CenterViewController.m in Sources */,
				548D36E1176B823700154C36 /* LeftSidebarViewController.m in Sources */,
				54403824176B8E5D00AA3588 /* GetStaticLists.m in Sources */,
				54E714CD176B95E200F39D73 /* ActivityViewController.m in Sources */,
				54E714D3176B9EDA00F39D73 /* MessageViewController.m in Sources */,
				54E714D8176BA18800F39D73 /* FriendsViewController.m in Sources */,
				549ADAAC176BCAD5001F1D3F /* CreateActivityViewController.m in Sources */,
				54F598511770C96D0074F43C /* RightSidebarViewController.m in Sources */,
				547D54D51773B21F0069D837 /* Foursquare2.m in Sources */,
				547D54D61773B21F0069D837 /* FSRequester.m in Sources */,
				547D54D71773B21F0069D837 /* FSTargetCallback.m in Sources */,
				547D54DE1773B2300069D837 /* FSVenue.m in Sources */,
				547D54DF1773B2300069D837 /* FSConverter.m in Sources */,
				544DBE641773DC5A00055C8A /* NearbyVenuesViewController.m in Sources */,
				5445A6921779195B00F3EC97 /* Contacts.m in Sources */,
				5445A69517791AF900F3EC97 /* Messages.m in Sources */,
				5445A6981779210600F3EC97 /* Activity.m in Sources */,
				5400D000177A0C98002CC092 /* ContactViewController.m in Sources */,
				5400D009177A59DB002CC092 /* ThreadCell.m in Sources */,
				54F971F9177CE12B006F6FE5 /* ShareViewController.m in Sources */,
				54F97207177CFFE8006F6FE5 /* LoginViewController.m in Sources */,
				54E332D91781EEE400BFF6A4 /* JSONKit.m in Sources */,
				54E332F51781EEF700BFF6A4 /* OATokenManager.m in Sources */,
				54E332F61781EEF700BFF6A4 /* OAToken.m in Sources */,
				54E332F71781EEF700BFF6A4 /* OAServiceTicket.m in Sources */,
				54E332F81781EEF700BFF6A4 /* OARequestParameter.m in Sources */,
				54E332F91781EEF700BFF6A4 /* OAProblem.m in Sources */,
				54E332FA1781EEF700BFF6A4 /* OAPlaintextSignatureProvider.m in Sources */,
				54E332FB1781EEF700BFF6A4 /* OAMutableURLRequest.m in Sources */,
				54E332FC1781EEF700BFF6A4 /* OAHMAC_SHA1SignatureProvider.m in Sources */,
				54E332FD1781EEF700BFF6A4 /* OADataFetcher.m in Sources */,
				54E332FE1781EEF700BFF6A4 /* OAConsumer.m in Sources */,
				54E332FF1781EEF700BFF6A4 /* OACall.m in Sources */,
				54E333001781EEF700BFF6A4 /* OAAttachment.m in Sources */,
				54E333071781EF0800BFF6A4 /* Base64Transcoder.c in Sources */,
				54E333081781EF0800BFF6A4 /* hmac.c in Sources */,
				54E333091781EF0800BFF6A4 /* sha1.c in Sources */,
				54E333101781EF1300BFF6A4 /* NSMutableURLRequest+Parameters.m in Sources */,
				54E333111781EF1300BFF6A4 /* NSString+URLEncoding.m in Sources */,
				54E333121781EF1300BFF6A4 /* NSURL+Base.m in Sources */,
				54E3331E1781EF3100BFF6A4 /* OAuthLoginView.m in Sources */,
				54E4B57D17822C8E00BE5686 /* TwitterLoginViewController.m in Sources */,
				54E4B58517822CE800BE5686 /* TwitterAuthenticator.m in Sources */,
				54E4B58617822CE800BE5686 /* TwitterRequest.m in Sources */,
				54E4B58717822CE800BE5686 /* TwitterToken.m in Sources */,
				54E4B58A17822CFB00BE5686 /* TwitterConsumer.m in Sources */,
				54E4B58D17822D1200BE5686 /* TwitterUtils.m in Sources */,
				5437770617837171000CEBAF /* Provider.m in Sources */,
				54D317321784970E00D058F4 /* DetailProfileViewController.m in Sources */,
				54D35222178DCB230068953A /* DBFriendInviter.m in Sources */,
				54D35225178DDA510068953A /* LoginRequests.m in Sources */,
				54D35228178E1C200068953A /* KeychainWrapper.m in Sources */,
				540560D1178F272E009679F4 /* MutableRequest.m in Sources */,
				540560E1178F2E6D009679F4 /* ProfileViewController.m in Sources */,
				540560E5178F2F73009679F4 /* ProfileRequest.m in Sources */,
			);
			runOnlyForDeploymentPostprocessing = 0;
		};
/* End PBXSourcesBuildPhase section */

/* Begin PBXTargetDependency section */
		549ADABB176BE137001F1D3F /* PBXTargetDependency */ = {
			isa = PBXTargetDependency;
			name = QuickDialog;
			targetProxy = 549ADABA176BE137001F1D3F /* PBXContainerItemProxy */;
		};
/* End PBXTargetDependency section */

/* Begin PBXVariantGroup section */
		548D36B7176B819300154C36 /* InfoPlist.strings */ = {
			isa = PBXVariantGroup;
			children = (
				548D36B8176B819300154C36 /* en */,
			);
			name = InfoPlist.strings;
			sourceTree = "<group>";
		};
/* End PBXVariantGroup section */

/* Begin XCBuildConfiguration section */
		548D36C6176B819300154C36 /* Debug */ = {
			isa = XCBuildConfiguration;
			buildSettings = {
				ALWAYS_SEARCH_USER_PATHS = NO;
				CLANG_CXX_LANGUAGE_STANDARD = "gnu++0x";
				CLANG_CXX_LIBRARY = "libc++";
				CLANG_WARN_CONSTANT_CONVERSION = YES;
				CLANG_WARN_EMPTY_BODY = YES;
				CLANG_WARN_ENUM_CONVERSION = YES;
				CLANG_WARN_INT_CONVERSION = YES;
				CLANG_WARN__DUPLICATE_METHOD_MATCH = YES;
				"CODE_SIGN_IDENTITY[sdk=iphoneos*]" = "iPhone Developer";
				COPY_PHASE_STRIP = NO;
				GCC_C_LANGUAGE_STANDARD = gnu99;
				GCC_DYNAMIC_NO_PIC = NO;
				GCC_OPTIMIZATION_LEVEL = 0;
				GCC_PREPROCESSOR_DEFINITIONS = (
					"DEBUG=1",
					"$(inherited)",
				);
				GCC_SYMBOLS_PRIVATE_EXTERN = NO;
				GCC_WARN_ABOUT_RETURN_TYPE = YES;
				GCC_WARN_UNINITIALIZED_AUTOS = YES;
				GCC_WARN_UNUSED_VARIABLE = YES;
				IPHONEOS_DEPLOYMENT_TARGET = 6.0;
				ONLY_ACTIVE_ARCH = YES;
				SDKROOT = iphoneos;
			};
			name = Debug;
		};
		548D36C7176B819300154C36 /* Release */ = {
			isa = XCBuildConfiguration;
			buildSettings = {
				ALWAYS_SEARCH_USER_PATHS = NO;
				CLANG_CXX_LANGUAGE_STANDARD = "gnu++0x";
				CLANG_CXX_LIBRARY = "libc++";
				CLANG_WARN_CONSTANT_CONVERSION = YES;
				CLANG_WARN_EMPTY_BODY = YES;
				CLANG_WARN_ENUM_CONVERSION = YES;
				CLANG_WARN_INT_CONVERSION = YES;
				CLANG_WARN__DUPLICATE_METHOD_MATCH = YES;
				"CODE_SIGN_IDENTITY[sdk=iphoneos*]" = "iPhone Developer";
				COPY_PHASE_STRIP = YES;
				GCC_C_LANGUAGE_STANDARD = gnu99;
				GCC_WARN_ABOUT_RETURN_TYPE = YES;
				GCC_WARN_UNINITIALIZED_AUTOS = YES;
				GCC_WARN_UNUSED_VARIABLE = YES;
				IPHONEOS_DEPLOYMENT_TARGET = 6.0;
				OTHER_CFLAGS = "-DNS_BLOCK_ASSERTIONS=1";
				SDKROOT = iphoneos;
				VALIDATE_PRODUCT = YES;
			};
			name = Release;
		};
		548D36C9176B819300154C36 /* Debug */ = {
			isa = XCBuildConfiguration;
			buildSettings = {
				ALWAYS_SEARCH_USER_PATHS = YES;
				FRAMEWORK_SEARCH_PATHS = (
					"$(inherited)",
					"\"$(SRCROOT)/../../FacebookSDK\"",
				);
				GCC_PRECOMPILE_PREFIX_HEADER = YES;
				GCC_PREFIX_HEADER = "letslunch_iPhone2/letslunch_iPhone2-Prefix.pch";
				INFOPLIST_FILE = "letslunch_iPhone2/letslunch_iPhone2-Info.plist";
				OTHER_LDFLAGS = "-ObjC";
				PRODUCT_NAME = "$(TARGET_NAME)";
				USER_HEADER_SEARCH_PATHS = "\"${PROJECT_DIR}/QuickDialog\"";
				WRAPPER_EXTENSION = app;
			};
			name = Debug;
		};
		548D36CA176B819300154C36 /* Release */ = {
			isa = XCBuildConfiguration;
			buildSettings = {
				ALWAYS_SEARCH_USER_PATHS = YES;
				FRAMEWORK_SEARCH_PATHS = (
					"$(inherited)",
					"\"$(SRCROOT)/../../FacebookSDK\"",
				);
				GCC_PRECOMPILE_PREFIX_HEADER = YES;
				GCC_PREFIX_HEADER = "letslunch_iPhone2/letslunch_iPhone2-Prefix.pch";
				INFOPLIST_FILE = "letslunch_iPhone2/letslunch_iPhone2-Info.plist";
				OTHER_LDFLAGS = "-ObjC";
				PRODUCT_NAME = "$(TARGET_NAME)";
				USER_HEADER_SEARCH_PATHS = "\"${PROJECT_DIR}/QuickDialog\"";
				WRAPPER_EXTENSION = app;
			};
			name = Release;
		};
/* End XCBuildConfiguration section */

/* Begin XCConfigurationList section */
		548D36A6176B819300154C36 /* Build configuration list for PBXProject "letslunch_iPhone2" */ = {
			isa = XCConfigurationList;
			buildConfigurations = (
				548D36C6176B819300154C36 /* Debug */,
				548D36C7176B819300154C36 /* Release */,
			);
			defaultConfigurationIsVisible = 0;
			defaultConfigurationName = Release;
		};
		548D36C8176B819300154C36 /* Build configuration list for PBXNativeTarget "letslunch_iPhone2" */ = {
			isa = XCConfigurationList;
			buildConfigurations = (
				548D36C9176B819300154C36 /* Debug */,
				548D36CA176B819300154C36 /* Release */,
			);
			defaultConfigurationIsVisible = 0;
			defaultConfigurationName = Release;
		};
/* End XCConfigurationList section */
	};
	rootObject = 548D36A3176B819300154C36 /* Project object */;
}
