// !$*UTF8*$!
{
	archiveVersion = 1;
	classes = {
	};
	objectVersion = 46;
	objects = {

/* Begin PBXBuildFile section */
		5400D000177A0C98002CC092 /* ContactViewController.m in Sources */ = {isa = PBXBuildFile; fileRef = 5400CFFE177A0C98002CC092 /* ContactViewController.m */; };
		5400D001177A0C98002CC092 /* ContactViewController.xib in Resources */ = {isa = PBXBuildFile; fileRef = 5400CFFF177A0C98002CC092 /* ContactViewController.xib */; };
		5400D005177A598D002CC092 /* MessageFromSelf.png in Resources */ = {isa = PBXBuildFile; fileRef = 5400D003177A598D002CC092 /* MessageFromSelf.png */; };
		5400D006177A598D002CC092 /* MessageToSelf.png in Resources */ = {isa = PBXBuildFile; fileRef = 5400D004177A598D002CC092 /* MessageToSelf.png */; };
		5400D009177A59DB002CC092 /* ThreadCell.m in Sources */ = {isa = PBXBuildFile; fileRef = 5400D008177A59DB002CC092 /* ThreadCell.m */; };
		5409986C177239F2003DFD70 /* ShareButton.png in Resources */ = {isa = PBXBuildFile; fileRef = 5409986B177239F2003DFD70 /* ShareButton.png */; };
		54403824176B8E5D00AA3588 /* GetStaticLists.m in Sources */ = {isa = PBXBuildFile; fileRef = 54403823176B8E5D00AA3588 /* GetStaticLists.m */; };
		5445A68D17790C0C00F3EC97 /* buttonBroadcastAvailability.png in Resources */ = {isa = PBXBuildFile; fileRef = 5445A68B17790C0C00F3EC97 /* buttonBroadcastAvailability.png */; };
		5445A68E17790C0C00F3EC97 /* buttonBroadcastAvailability@2x.png in Resources */ = {isa = PBXBuildFile; fileRef = 5445A68C17790C0C00F3EC97 /* buttonBroadcastAvailability@2x.png */; };
		5445A6921779195B00F3EC97 /* Contacts.m in Sources */ = {isa = PBXBuildFile; fileRef = 5445A6911779195B00F3EC97 /* Contacts.m */; };
		5445A69517791AF900F3EC97 /* Messages.m in Sources */ = {isa = PBXBuildFile; fileRef = 5445A69417791AF900F3EC97 /* Messages.m */; };
		5445A6981779210600F3EC97 /* Activity.m in Sources */ = {isa = PBXBuildFile; fileRef = 5445A6971779210600F3EC97 /* Activity.m */; };
		544DBE641773DC5A00055C8A /* NearbyVenuesViewController.m in Sources */ = {isa = PBXBuildFile; fileRef = 544DBE621773DC5A00055C8A /* NearbyVenuesViewController.m */; };
		544DBE651773DC5A00055C8A /* NearbyVenuesViewController.xib in Resources */ = {isa = PBXBuildFile; fileRef = 544DBE631773DC5A00055C8A /* NearbyVenuesViewController.xib */; };
		5457138E177E476C006A69CE /* FacebookSDK.framework in Frameworks */ = {isa = PBXBuildFile; fileRef = 5457138D177E476C006A69CE /* FacebookSDK.framework */; };
		54571390177E48A5006A69CE /* FacebookSDKResources.bundle in Resources */ = {isa = PBXBuildFile; fileRef = 5457138F177E48A4006A69CE /* FacebookSDKResources.bundle */; };
		54571392177E48CF006A69CE /* AdSupport.framework in Frameworks */ = {isa = PBXBuildFile; fileRef = 54571391177E48CF006A69CE /* AdSupport.framework */; settings = {ATTRIBUTES = (Weak, ); }; };
		54571394177E48D7006A69CE /* Accounts.framework in Frameworks */ = {isa = PBXBuildFile; fileRef = 54571393177E48D7006A69CE /* Accounts.framework */; settings = {ATTRIBUTES = (Weak, ); }; };
		54571396177E48E8006A69CE /* libsqlite3.dylib in Frameworks */ = {isa = PBXBuildFile; fileRef = 54571395177E48E8006A69CE /* libsqlite3.dylib */; settings = {ATTRIBUTES = (Weak, ); }; };
		54571398177E48EF006A69CE /* Security.framework in Frameworks */ = {isa = PBXBuildFile; fileRef = 54571397177E48EF006A69CE /* Security.framework */; settings = {ATTRIBUTES = (Weak, ); }; };
		5457139A177E48F4006A69CE /* Social.framework in Frameworks */ = {isa = PBXBuildFile; fileRef = 54571399177E48F4006A69CE /* Social.framework */; settings = {ATTRIBUTES = (Weak, ); }; };
		547D54D51773B21F0069D837 /* Foursquare2.m in Sources */ = {isa = PBXBuildFile; fileRef = 547D54D01773B21F0069D837 /* Foursquare2.m */; };
		547D54D61773B21F0069D837 /* FSRequester.m in Sources */ = {isa = PBXBuildFile; fileRef = 547D54D21773B21F0069D837 /* FSRequester.m */; };
		547D54D71773B21F0069D837 /* FSTargetCallback.m in Sources */ = {isa = PBXBuildFile; fileRef = 547D54D41773B21F0069D837 /* FSTargetCallback.m */; };
		547D54DE1773B2300069D837 /* FSVenue.m in Sources */ = {isa = PBXBuildFile; fileRef = 547D54DB1773B2300069D837 /* FSVenue.m */; };
		547D54DF1773B2300069D837 /* FSConverter.m in Sources */ = {isa = PBXBuildFile; fileRef = 547D54DD1773B2300069D837 /* FSConverter.m */; };
		548D36AF176B819300154C36 /* UIKit.framework in Frameworks */ = {isa = PBXBuildFile; fileRef = 548D36AE176B819300154C36 /* UIKit.framework */; };
		548D36B1176B819300154C36 /* Foundation.framework in Frameworks */ = {isa = PBXBuildFile; fileRef = 548D36B0176B819300154C36 /* Foundation.framework */; };
		548D36B3176B819300154C36 /* CoreGraphics.framework in Frameworks */ = {isa = PBXBuildFile; fileRef = 548D36B2176B819300154C36 /* CoreGraphics.framework */; };
		548D36B9176B819300154C36 /* InfoPlist.strings in Resources */ = {isa = PBXBuildFile; fileRef = 548D36B7176B819300154C36 /* InfoPlist.strings */; };
		548D36BB176B819300154C36 /* main.m in Sources */ = {isa = PBXBuildFile; fileRef = 548D36BA176B819300154C36 /* main.m */; };
		548D36BF176B819300154C36 /* AppDelegate.m in Sources */ = {isa = PBXBuildFile; fileRef = 548D36BE176B819300154C36 /* AppDelegate.m */; };
		548D36C1176B819300154C36 /* Default.png in Resources */ = {isa = PBXBuildFile; fileRef = 548D36C0176B819300154C36 /* Default.png */; };
		548D36C3176B819300154C36 /* Default@2x.png in Resources */ = {isa = PBXBuildFile; fileRef = 548D36C2176B819300154C36 /* Default@2x.png */; };
		548D36C5176B819300154C36 /* Default-568h@2x.png in Resources */ = {isa = PBXBuildFile; fileRef = 548D36C4176B819300154C36 /* Default-568h@2x.png */; };
		548D36D0176B81B700154C36 /* UINavigationItem+JTRevealSidebarV2.m in Sources */ = {isa = PBXBuildFile; fileRef = 548D36CD176B81B700154C36 /* UINavigationItem+JTRevealSidebarV2.m */; };
		548D36D1176B81B700154C36 /* UIViewController+JTRevealSidebarV2.m in Sources */ = {isa = PBXBuildFile; fileRef = 548D36CF176B81B700154C36 /* UIViewController+JTRevealSidebarV2.m */; };
		548D36D4176B81E900154C36 /* QuartzCore.framework in Frameworks */ = {isa = PBXBuildFile; fileRef = 548D36D3176B81E900154C36 /* QuartzCore.framework */; };
		548D36D8176B821B00154C36 /* ButtonMenuLeft.png in Resources */ = {isa = PBXBuildFile; fileRef = 548D36D6176B821B00154C36 /* ButtonMenuLeft.png */; };
		548D36D9176B821B00154C36 /* ButtonMenuLeft@2x.png in Resources */ = {isa = PBXBuildFile; fileRef = 548D36D7176B821B00154C36 /* ButtonMenuLeft@2x.png */; };
		548D36E0176B823700154C36 /* CenterViewController.m in Sources */ = {isa = PBXBuildFile; fileRef = 548D36DB176B823700154C36 /* CenterViewController.m */; };
		548D36E1176B823700154C36 /* LeftSidebarViewController.m in Sources */ = {isa = PBXBuildFile; fileRef = 548D36DD176B823700154C36 /* LeftSidebarViewController.m */; };
		549ADAAC176BCAD5001F1D3F /* CreateActivityViewController.m in Sources */ = {isa = PBXBuildFile; fileRef = 549ADAAA176BCAD5001F1D3F /* CreateActivityViewController.m */; };
		549ADAAD176BCAD5001F1D3F /* CreateActivityViewController.xib in Resources */ = {isa = PBXBuildFile; fileRef = 549ADAAB176BCAD5001F1D3F /* CreateActivityViewController.xib */; };
		549ADABC176BE148001F1D3F /* libQuickDialog.a in Frameworks */ = {isa = PBXBuildFile; fileRef = 549ADAB9176BE11D001F1D3F /* libQuickDialog.a */; };
		549ADABE176BE14F001F1D3F /* MapKit.framework in Frameworks */ = {isa = PBXBuildFile; fileRef = 549ADABD176BE14F001F1D3F /* MapKit.framework */; };
		549ADAC0176BE15A001F1D3F /* CoreLocation.framework in Frameworks */ = {isa = PBXBuildFile; fileRef = 549ADABF176BE159001F1D3F /* CoreLocation.framework */; };
		54E714CD176B95E200F39D73 /* ActivityViewController.m in Sources */ = {isa = PBXBuildFile; fileRef = 54E714CB176B95E200F39D73 /* ActivityViewController.m */; };
		54E714CE176B95E200F39D73 /* ActivityViewController.xib in Resources */ = {isa = PBXBuildFile; fileRef = 54E714CC176B95E200F39D73 /* ActivityViewController.xib */; };
		54E714D3176B9EDA00F39D73 /* MessageViewController.m in Sources */ = {isa = PBXBuildFile; fileRef = 54E714D1176B9EDA00F39D73 /* MessageViewController.m */; };
		54E714D4176B9EDA00F39D73 /* MessageViewController.xib in Resources */ = {isa = PBXBuildFile; fileRef = 54E714D2176B9EDA00F39D73 /* MessageViewController.xib */; };
		54E714D8176BA18800F39D73 /* FriendsViewController.m in Sources */ = {isa = PBXBuildFile; fileRef = 54E714D6176BA18800F39D73 /* FriendsViewController.m */; };
		54E714D9176BA18800F39D73 /* FriendsViewController.xib in Resources */ = {isa = PBXBuildFile; fileRef = 54E714D7176BA18800F39D73 /* FriendsViewController.xib */; };
		54F598511770C96D0074F43C /* RightSidebarViewController.m in Sources */ = {isa = PBXBuildFile; fileRef = 54F598501770C96D0074F43C /* RightSidebarViewController.m */; };
		54F598561770EB360074F43C /* MessagesMenuItem.png in Resources */ = {isa = PBXBuildFile; fileRef = 54F598541770EB360074F43C /* MessagesMenuItem.png */; };
		54F598571770EB360074F43C /* MessagesMenuItem@2x.png in Resources */ = {isa = PBXBuildFile; fileRef = 54F598551770EB360074F43C /* MessagesMenuItem@2x.png */; };
		54F5985F1770EDE00074F43C /* ActivityMenuItem.png in Resources */ = {isa = PBXBuildFile; fileRef = 54F5985D1770EDE00074F43C /* ActivityMenuItem.png */; };
		54F598601770EDE00074F43C /* ActivityMenuItem@2x.png in Resources */ = {isa = PBXBuildFile; fileRef = 54F5985E1770EDE00074F43C /* ActivityMenuItem@2x.png */; };
		54F598631770EF210074F43C /* FriendsMenuItem.png in Resources */ = {isa = PBXBuildFile; fileRef = 54F598611770EF210074F43C /* FriendsMenuItem.png */; };
		54F598641770EF210074F43C /* FriendsMenuItem@2x.png in Resources */ = {isa = PBXBuildFile; fileRef = 54F598621770EF210074F43C /* FriendsMenuItem@2x.png */; };
		54F59866177121F60074F43C /* BackgroundMenuItem.png in Resources */ = {isa = PBXBuildFile; fileRef = 54F59865177121F60074F43C /* BackgroundMenuItem.png */; };
		54F59868177124930074F43C /* BackgroundMenuItemSelected.png in Resources */ = {isa = PBXBuildFile; fileRef = 54F59867177124930074F43C /* BackgroundMenuItemSelected.png */; };
		54F5986A17712EEA0074F43C /* BackgroundMenu.png in Resources */ = {isa = PBXBuildFile; fileRef = 54F5986917712EEA0074F43C /* BackgroundMenu.png */; };
		54F5986F17713A4A0074F43C /* BackgroundSharing.png in Resources */ = {isa = PBXBuildFile; fileRef = 54F5986C17713A4A0074F43C /* BackgroundSharing.png */; };
		54F5987017713A4A0074F43C /* FindFriendsButton.png in Resources */ = {isa = PBXBuildFile; fileRef = 54F5986D17713A4A0074F43C /* FindFriendsButton.png */; };
		54F5987117713A4A0074F43C /* InviteFriendsButton.png in Resources */ = {isa = PBXBuildFile; fileRef = 54F5986E17713A4A0074F43C /* InviteFriendsButton.png */; };
		54F971F9177CE12B006F6FE5 /* ShareViewController.m in Sources */ = {isa = PBXBuildFile; fileRef = 54F971F7177CE12B006F6FE5 /* ShareViewController.m */; };
		54F971FA177CE12B006F6FE5 /* ShareViewController.xib in Resources */ = {isa = PBXBuildFile; fileRef = 54F971F8177CE12B006F6FE5 /* ShareViewController.xib */; };
		54F97202177CE711006F6FE5 /* ImageShare.png in Resources */ = {isa = PBXBuildFile; fileRef = 54F97200177CE711006F6FE5 /* ImageShare.png */; };
		54F97203177CE711006F6FE5 /* ImageShare@2x.png in Resources */ = {isa = PBXBuildFile; fileRef = 54F97201177CE711006F6FE5 /* ImageShare@2x.png */; };
		54F97207177CFFE8006F6FE5 /* LoginViewController.m in Sources */ = {isa = PBXBuildFile; fileRef = 54F97205177CFFE7006F6FE5 /* LoginViewController.m */; };
		54F97208177CFFE8006F6FE5 /* LoginViewController.xib in Resources */ = {isa = PBXBuildFile; fileRef = 54F97206177CFFE7006F6FE5 /* LoginViewController.xib */; };
		54FE68FC17736B1000AD7987 /* ButtonMenuRight.png in Resources */ = {isa = PBXBuildFile; fileRef = 54FE68FB17736B1000AD7987 /* ButtonMenuRight.png */; };
/* End PBXBuildFile section */

/* Begin PBXContainerItemProxy section */
		549ADAB6176BE11D001F1D3F /* PBXContainerItemProxy */ = {
			isa = PBXContainerItemProxy;
			containerPortal = 549ADAB1176BE11D001F1D3F /* QuickDialog.xcodeproj */;
			proxyType = 2;
			remoteGlobalIDString = D80B0E3313E052DF00FA85CA;
			remoteInfo = QuickDialogExample;
		};
		549ADAB8176BE11D001F1D3F /* PBXContainerItemProxy */ = {
			isa = PBXContainerItemProxy;
			containerPortal = 549ADAB1176BE11D001F1D3F /* QuickDialog.xcodeproj */;
			proxyType = 2;
			remoteGlobalIDString = 2C542393145ADEBD0026A152;
			remoteInfo = QuickDialog;
		};
		549ADABA176BE137001F1D3F /* PBXContainerItemProxy */ = {
			isa = PBXContainerItemProxy;
			containerPortal = 549ADAB1176BE11D001F1D3F /* QuickDialog.xcodeproj */;
			proxyType = 1;
			remoteGlobalIDString = 2C542392145ADEBD0026A152;
			remoteInfo = QuickDialog;
		};
/* End PBXContainerItemProxy section */

/* Begin PBXFileReference section */
		5400CFFD177A0C98002CC092 /* ContactViewController.h */ = {isa = PBXFileReference; fileEncoding = 4; lastKnownFileType = sourcecode.c.h; path = ContactViewController.h; sourceTree = "<group>"; };
		5400CFFE177A0C98002CC092 /* ContactViewController.m */ = {isa = PBXFileReference; fileEncoding = 4; lastKnownFileType = sourcecode.c.objc; path = ContactViewController.m; sourceTree = "<group>"; };
		5400CFFF177A0C98002CC092 /* ContactViewController.xib */ = {isa = PBXFileReference; fileEncoding = 4; lastKnownFileType = file.xib; path = ContactViewController.xib; sourceTree = "<group>"; };
		5400D003177A598D002CC092 /* MessageFromSelf.png */ = {isa = PBXFileReference; lastKnownFileType = image.png; path = MessageFromSelf.png; sourceTree = "<group>"; };
		5400D004177A598D002CC092 /* MessageToSelf.png */ = {isa = PBXFileReference; lastKnownFileType = image.png; path = MessageToSelf.png; sourceTree = "<group>"; };
		5400D007177A59DB002CC092 /* ThreadCell.h */ = {isa = PBXFileReference; fileEncoding = 4; lastKnownFileType = sourcecode.c.h; path = ThreadCell.h; sourceTree = "<group>"; };
		5400D008177A59DB002CC092 /* ThreadCell.m */ = {isa = PBXFileReference; fileEncoding = 4; lastKnownFileType = sourcecode.c.objc; path = ThreadCell.m; sourceTree = "<group>"; };
		5409986B177239F2003DFD70 /* ShareButton.png */ = {isa = PBXFileReference; lastKnownFileType = image.png; path = ShareButton.png; sourceTree = "<group>"; };
		54403822176B8E5D00AA3588 /* GetStaticLists.h */ = {isa = PBXFileReference; fileEncoding = 4; lastKnownFileType = sourcecode.c.h; path = GetStaticLists.h; sourceTree = "<group>"; };
		54403823176B8E5D00AA3588 /* GetStaticLists.m */ = {isa = PBXFileReference; fileEncoding = 4; lastKnownFileType = sourcecode.c.objc; path = GetStaticLists.m; sourceTree = "<group>"; };
		5445A68B17790C0C00F3EC97 /* buttonBroadcastAvailability.png */ = {isa = PBXFileReference; lastKnownFileType = image.png; path = buttonBroadcastAvailability.png; sourceTree = "<group>"; };
		5445A68C17790C0C00F3EC97 /* buttonBroadcastAvailability@2x.png */ = {isa = PBXFileReference; lastKnownFileType = image.png; path = "buttonBroadcastAvailability@2x.png"; sourceTree = "<group>"; };
		5445A6901779195B00F3EC97 /* Contacts.h */ = {isa = PBXFileReference; fileEncoding = 4; lastKnownFileType = sourcecode.c.h; path = Contacts.h; sourceTree = "<group>"; };
		5445A6911779195B00F3EC97 /* Contacts.m */ = {isa = PBXFileReference; fileEncoding = 4; lastKnownFileType = sourcecode.c.objc; path = Contacts.m; sourceTree = "<group>"; };
		5445A69317791AF900F3EC97 /* Messages.h */ = {isa = PBXFileReference; fileEncoding = 4; lastKnownFileType = sourcecode.c.h; path = Messages.h; sourceTree = "<group>"; };
		5445A69417791AF900F3EC97 /* Messages.m */ = {isa = PBXFileReference; fileEncoding = 4; lastKnownFileType = sourcecode.c.objc; path = Messages.m; sourceTree = "<group>"; };
		5445A6961779210600F3EC97 /* Activity.h */ = {isa = PBXFileReference; fileEncoding = 4; lastKnownFileType = sourcecode.c.h; path = Activity.h; sourceTree = "<group>"; };
		5445A6971779210600F3EC97 /* Activity.m */ = {isa = PBXFileReference; fileEncoding = 4; lastKnownFileType = sourcecode.c.objc; path = Activity.m; sourceTree = "<group>"; };
		544DBE611773DC5A00055C8A /* NearbyVenuesViewController.h */ = {isa = PBXFileReference; fileEncoding = 4; lastKnownFileType = sourcecode.c.h; path = NearbyVenuesViewController.h; sourceTree = "<group>"; };
		544DBE621773DC5A00055C8A /* NearbyVenuesViewController.m */ = {isa = PBXFileReference; fileEncoding = 4; lastKnownFileType = sourcecode.c.objc; path = NearbyVenuesViewController.m; sourceTree = "<group>"; };
		544DBE631773DC5A00055C8A /* NearbyVenuesViewController.xib */ = {isa = PBXFileReference; fileEncoding = 4; lastKnownFileType = file.xib; path = NearbyVenuesViewController.xib; sourceTree = "<group>"; };
		5457138C177E39C1006A69CE /* constants.h */ = {isa = PBXFileReference; fileEncoding = 4; lastKnownFileType = sourcecode.c.h; path = constants.h; sourceTree = "<group>"; };
		5457138D177E476C006A69CE /* FacebookSDK.framework */ = {isa = PBXFileReference; lastKnownFileType = wrapper.framework; name = FacebookSDK.framework; path = ../../FacebookSDK/FacebookSDK.framework; sourceTree = "<group>"; };
		5457138F177E48A4006A69CE /* FacebookSDKResources.bundle */ = {isa = PBXFileReference; lastKnownFileType = "wrapper.plug-in"; name = FacebookSDKResources.bundle; path = ../../FacebookSDK/FacebookSDK.framework/Versions/A/Resources/FacebookSDKResources.bundle; sourceTree = "<group>"; };
		54571391177E48CF006A69CE /* AdSupport.framework */ = {isa = PBXFileReference; lastKnownFileType = wrapper.framework; name = AdSupport.framework; path = System/Library/Frameworks/AdSupport.framework; sourceTree = SDKROOT; };
		54571393177E48D7006A69CE /* Accounts.framework */ = {isa = PBXFileReference; lastKnownFileType = wrapper.framework; name = Accounts.framework; path = System/Library/Frameworks/Accounts.framework; sourceTree = SDKROOT; };
		54571395177E48E8006A69CE /* libsqlite3.dylib */ = {isa = PBXFileReference; lastKnownFileType = "compiled.mach-o.dylib"; name = libsqlite3.dylib; path = usr/lib/libsqlite3.dylib; sourceTree = SDKROOT; };
		54571397177E48EF006A69CE /* Security.framework */ = {isa = PBXFileReference; lastKnownFileType = wrapper.framework; name = Security.framework; path = System/Library/Frameworks/Security.framework; sourceTree = SDKROOT; };
		54571399177E48F4006A69CE /* Social.framework */ = {isa = PBXFileReference; lastKnownFileType = wrapper.framework; name = Social.framework; path = System/Library/Frameworks/Social.framework; sourceTree = SDKROOT; };
		547D54CF1773B21F0069D837 /* Foursquare2.h */ = {isa = PBXFileReference; fileEncoding = 4; lastKnownFileType = sourcecode.c.h; path = Foursquare2.h; sourceTree = "<group>"; };
		547D54D01773B21F0069D837 /* Foursquare2.m */ = {isa = PBXFileReference; fileEncoding = 4; lastKnownFileType = sourcecode.c.objc; path = Foursquare2.m; sourceTree = "<group>"; };
		547D54D11773B21F0069D837 /* FSRequester.h */ = {isa = PBXFileReference; fileEncoding = 4; lastKnownFileType = sourcecode.c.h; path = FSRequester.h; sourceTree = "<group>"; };
		547D54D21773B21F0069D837 /* FSRequester.m */ = {isa = PBXFileReference; fileEncoding = 4; lastKnownFileType = sourcecode.c.objc; path = FSRequester.m; sourceTree = "<group>"; };
		547D54D31773B21F0069D837 /* FSTargetCallback.h */ = {isa = PBXFileReference; fileEncoding = 4; lastKnownFileType = sourcecode.c.h; path = FSTargetCallback.h; sourceTree = "<group>"; };
		547D54D41773B21F0069D837 /* FSTargetCallback.m */ = {isa = PBXFileReference; fileEncoding = 4; lastKnownFileType = sourcecode.c.objc; path = FSTargetCallback.m; sourceTree = "<group>"; };
		547D54DA1773B2300069D837 /* FSVenue.h */ = {isa = PBXFileReference; fileEncoding = 4; lastKnownFileType = sourcecode.c.h; path = FSVenue.h; sourceTree = "<group>"; };
		547D54DB1773B2300069D837 /* FSVenue.m */ = {isa = PBXFileReference; fileEncoding = 4; lastKnownFileType = sourcecode.c.objc; path = FSVenue.m; sourceTree = "<group>"; };
		547D54DC1773B2300069D837 /* FSConverter.h */ = {isa = PBXFileReference; fileEncoding = 4; lastKnownFileType = sourcecode.c.h; path = FSConverter.h; sourceTree = "<group>"; };
		547D54DD1773B2300069D837 /* FSConverter.m */ = {isa = PBXFileReference; fileEncoding = 4; lastKnownFileType = sourcecode.c.objc; path = FSConverter.m; sourceTree = "<group>"; };
		548D36AB176B819300154C36 /* letslunch_iPhone2.app */ = {isa = PBXFileReference; explicitFileType = wrapper.application; includeInIndex = 0; path = letslunch_iPhone2.app; sourceTree = BUILT_PRODUCTS_DIR; };
		548D36AE176B819300154C36 /* UIKit.framework */ = {isa = PBXFileReference; lastKnownFileType = wrapper.framework; name = UIKit.framework; path = System/Library/Frameworks/UIKit.framework; sourceTree = SDKROOT; };
		548D36B0176B819300154C36 /* Foundation.framework */ = {isa = PBXFileReference; lastKnownFileType = wrapper.framework; name = Foundation.framework; path = System/Library/Frameworks/Foundation.framework; sourceTree = SDKROOT; };
		548D36B2176B819300154C36 /* CoreGraphics.framework */ = {isa = PBXFileReference; lastKnownFileType = wrapper.framework; name = CoreGraphics.framework; path = System/Library/Frameworks/CoreGraphics.framework; sourceTree = SDKROOT; };
		548D36B6176B819300154C36 /* letslunch_iPhone2-Info.plist */ = {isa = PBXFileReference; lastKnownFileType = text.plist.xml; path = "letslunch_iPhone2-Info.plist"; sourceTree = "<group>"; };
		548D36B8176B819300154C36 /* en */ = {isa = PBXFileReference; lastKnownFileType = text.plist.strings; name = en; path = en.lproj/InfoPlist.strings; sourceTree = "<group>"; };
		548D36BA176B819300154C36 /* main.m */ = {isa = PBXFileReference; lastKnownFileType = sourcecode.c.objc; path = main.m; sourceTree = "<group>"; };
		548D36BC176B819300154C36 /* letslunch_iPhone2-Prefix.pch */ = {isa = PBXFileReference; lastKnownFileType = sourcecode.c.h; path = "letslunch_iPhone2-Prefix.pch"; sourceTree = "<group>"; };
		548D36BD176B819300154C36 /* AppDelegate.h */ = {isa = PBXFileReference; lastKnownFileType = sourcecode.c.h; path = AppDelegate.h; sourceTree = "<group>"; };
		548D36BE176B819300154C36 /* AppDelegate.m */ = {isa = PBXFileReference; lastKnownFileType = sourcecode.c.objc; path = AppDelegate.m; sourceTree = "<group>"; };
		548D36C0176B819300154C36 /* Default.png */ = {isa = PBXFileReference; lastKnownFileType = image.png; name = Default.png; path = letslunch_iPhone2/Default.png; sourceTree = "<group>"; };
		548D36C2176B819300154C36 /* Default@2x.png */ = {isa = PBXFileReference; lastKnownFileType = image.png; name = "Default@2x.png"; path = "letslunch_iPhone2/Default@2x.png"; sourceTree = "<group>"; };
		548D36C4176B819300154C36 /* Default-568h@2x.png */ = {isa = PBXFileReference; lastKnownFileType = image.png; name = "Default-568h@2x.png"; path = "letslunch_iPhone2/Default-568h@2x.png"; sourceTree = "<group>"; };
		548D36CB176B81B700154C36 /* JTRevealSidebarV2Delegate.h */ = {isa = PBXFileReference; fileEncoding = 4; lastKnownFileType = sourcecode.c.h; path = JTRevealSidebarV2Delegate.h; sourceTree = "<group>"; };
		548D36CC176B81B700154C36 /* UINavigationItem+JTRevealSidebarV2.h */ = {isa = PBXFileReference; fileEncoding = 4; lastKnownFileType = sourcecode.c.h; path = "UINavigationItem+JTRevealSidebarV2.h"; sourceTree = "<group>"; };
		548D36CD176B81B700154C36 /* UINavigationItem+JTRevealSidebarV2.m */ = {isa = PBXFileReference; fileEncoding = 4; lastKnownFileType = sourcecode.c.objc; path = "UINavigationItem+JTRevealSidebarV2.m"; sourceTree = "<group>"; };
		548D36CE176B81B700154C36 /* UIViewController+JTRevealSidebarV2.h */ = {isa = PBXFileReference; fileEncoding = 4; lastKnownFileType = sourcecode.c.h; path = "UIViewController+JTRevealSidebarV2.h"; sourceTree = "<group>"; };
		548D36CF176B81B700154C36 /* UIViewController+JTRevealSidebarV2.m */ = {isa = PBXFileReference; fileEncoding = 4; lastKnownFileType = sourcecode.c.objc; path = "UIViewController+JTRevealSidebarV2.m"; sourceTree = "<group>"; };
		548D36D3176B81E900154C36 /* QuartzCore.framework */ = {isa = PBXFileReference; lastKnownFileType = wrapper.framework; name = QuartzCore.framework; path = System/Library/Frameworks/QuartzCore.framework; sourceTree = SDKROOT; };
		548D36D6176B821B00154C36 /* ButtonMenuLeft.png */ = {isa = PBXFileReference; lastKnownFileType = image.png; path = ButtonMenuLeft.png; sourceTree = "<group>"; };
		548D36D7176B821B00154C36 /* ButtonMenuLeft@2x.png */ = {isa = PBXFileReference; lastKnownFileType = image.png; path = "ButtonMenuLeft@2x.png"; sourceTree = "<group>"; };
		548D36DA176B823700154C36 /* CenterViewController.h */ = {isa = PBXFileReference; fileEncoding = 4; lastKnownFileType = sourcecode.c.h; path = CenterViewController.h; sourceTree = "<group>"; };
		548D36DB176B823700154C36 /* CenterViewController.m */ = {isa = PBXFileReference; fileEncoding = 4; lastKnownFileType = sourcecode.c.objc; path = CenterViewController.m; sourceTree = "<group>"; };
		548D36DC176B823700154C36 /* LeftSidebarViewController.h */ = {isa = PBXFileReference; fileEncoding = 4; lastKnownFileType = sourcecode.c.h; path = LeftSidebarViewController.h; sourceTree = "<group>"; };
		548D36DD176B823700154C36 /* LeftSidebarViewController.m */ = {isa = PBXFileReference; fileEncoding = 4; lastKnownFileType = sourcecode.c.objc; path = LeftSidebarViewController.m; sourceTree = "<group>"; };
		549ADAAA176BCAD5001F1D3F /* CreateActivityViewController.m */ = {isa = PBXFileReference; fileEncoding = 4; lastKnownFileType = sourcecode.c.objc; path = CreateActivityViewController.m; sourceTree = "<group>"; };
		549ADAAB176BCAD5001F1D3F /* CreateActivityViewController.xib */ = {isa = PBXFileReference; fileEncoding = 4; lastKnownFileType = file.xib; path = CreateActivityViewController.xib; sourceTree = "<group>"; };
		549ADAAE176BCAF2001F1D3F /* CreateActivityViewController.h */ = {isa = PBXFileReference; fileEncoding = 4; lastKnownFileType = sourcecode.c.h; path = CreateActivityViewController.h; sourceTree = "<group>"; };
		549ADAB1176BE11D001F1D3F /* QuickDialog.xcodeproj */ = {isa = PBXFileReference; lastKnownFileType = "wrapper.pb-project"; name = QuickDialog.xcodeproj; path = QuickDialog/QuickDialog.xcodeproj; sourceTree = "<group>"; };
		549ADABD176BE14F001F1D3F /* MapKit.framework */ = {isa = PBXFileReference; lastKnownFileType = wrapper.framework; name = MapKit.framework; path = System/Library/Frameworks/MapKit.framework; sourceTree = SDKROOT; };
		549ADABF176BE159001F1D3F /* CoreLocation.framework */ = {isa = PBXFileReference; lastKnownFileType = wrapper.framework; name = CoreLocation.framework; path = System/Library/Frameworks/CoreLocation.framework; sourceTree = SDKROOT; };
		54E714CA176B95E200F39D73 /* ActivityViewController.h */ = {isa = PBXFileReference; fileEncoding = 4; lastKnownFileType = sourcecode.c.h; path = ActivityViewController.h; sourceTree = "<group>"; };
		54E714CB176B95E200F39D73 /* ActivityViewController.m */ = {isa = PBXFileReference; fileEncoding = 4; lastKnownFileType = sourcecode.c.objc; path = ActivityViewController.m; sourceTree = "<group>"; };
		54E714CC176B95E200F39D73 /* ActivityViewController.xib */ = {isa = PBXFileReference; fileEncoding = 4; lastKnownFileType = file.xib; path = ActivityViewController.xib; sourceTree = "<group>"; };
		54E714D0176B9EDA00F39D73 /* MessageViewController.h */ = {isa = PBXFileReference; fileEncoding = 4; lastKnownFileType = sourcecode.c.h; path = MessageViewController.h; sourceTree = "<group>"; };
		54E714D1176B9EDA00F39D73 /* MessageViewController.m */ = {isa = PBXFileReference; fileEncoding = 4; lastKnownFileType = sourcecode.c.objc; path = MessageViewController.m; sourceTree = "<group>"; };
		54E714D2176B9EDA00F39D73 /* MessageViewController.xib */ = {isa = PBXFileReference; fileEncoding = 4; lastKnownFileType = file.xib; path = MessageViewController.xib; sourceTree = "<group>"; };
		54E714D5176BA18800F39D73 /* FriendsViewController.h */ = {isa = PBXFileReference; fileEncoding = 4; lastKnownFileType = sourcecode.c.h; path = FriendsViewController.h; sourceTree = "<group>"; };
		54E714D6176BA18800F39D73 /* FriendsViewController.m */ = {isa = PBXFileReference; fileEncoding = 4; lastKnownFileType = sourcecode.c.objc; path = FriendsViewController.m; sourceTree = "<group>"; };
		54E714D7176BA18800F39D73 /* FriendsViewController.xib */ = {isa = PBXFileReference; fileEncoding = 4; lastKnownFileType = file.xib; path = FriendsViewController.xib; sourceTree = "<group>"; };
		54F5984F1770C96D0074F43C /* RightSidebarViewController.h */ = {isa = PBXFileReference; fileEncoding = 4; lastKnownFileType = sourcecode.c.h; path = RightSidebarViewController.h; sourceTree = "<group>"; };
		54F598501770C96D0074F43C /* RightSidebarViewController.m */ = {isa = PBXFileReference; fileEncoding = 4; lastKnownFileType = sourcecode.c.objc; path = RightSidebarViewController.m; sourceTree = "<group>"; };
		54F598541770EB360074F43C /* MessagesMenuItem.png */ = {isa = PBXFileReference; lastKnownFileType = image.png; path = MessagesMenuItem.png; sourceTree = "<group>"; };
		54F598551770EB360074F43C /* MessagesMenuItem@2x.png */ = {isa = PBXFileReference; lastKnownFileType = image.png; path = "MessagesMenuItem@2x.png"; sourceTree = "<group>"; };
		54F5985D1770EDE00074F43C /* ActivityMenuItem.png */ = {isa = PBXFileReference; lastKnownFileType = image.png; path = ActivityMenuItem.png; sourceTree = "<group>"; };
		54F5985E1770EDE00074F43C /* ActivityMenuItem@2x.png */ = {isa = PBXFileReference; lastKnownFileType = image.png; path = "ActivityMenuItem@2x.png"; sourceTree = "<group>"; };
		54F598611770EF210074F43C /* FriendsMenuItem.png */ = {isa = PBXFileReference; lastKnownFileType = image.png; path = FriendsMenuItem.png; sourceTree = "<group>"; };
		54F598621770EF210074F43C /* FriendsMenuItem@2x.png */ = {isa = PBXFileReference; lastKnownFileType = image.png; path = "FriendsMenuItem@2x.png"; sourceTree = "<group>"; };
		54F59865177121F60074F43C /* BackgroundMenuItem.png */ = {isa = PBXFileReference; lastKnownFileType = image.png; path = BackgroundMenuItem.png; sourceTree = "<group>"; };
		54F59867177124930074F43C /* BackgroundMenuItemSelected.png */ = {isa = PBXFileReference; lastKnownFileType = image.png; path = BackgroundMenuItemSelected.png; sourceTree = "<group>"; };
		54F5986917712EEA0074F43C /* BackgroundMenu.png */ = {isa = PBXFileReference; lastKnownFileType = image.png; path = BackgroundMenu.png; sourceTree = "<group>"; };
		54F5986C17713A4A0074F43C /* BackgroundSharing.png */ = {isa = PBXFileReference; lastKnownFileType = image.png; path = BackgroundSharing.png; sourceTree = "<group>"; };
		54F5986D17713A4A0074F43C /* FindFriendsButton.png */ = {isa = PBXFileReference; lastKnownFileType = image.png; path = FindFriendsButton.png; sourceTree = "<group>"; };
		54F5986E17713A4A0074F43C /* InviteFriendsButton.png */ = {isa = PBXFileReference; lastKnownFileType = image.png; path = InviteFriendsButton.png; sourceTree = "<group>"; };
		54F971F6177CE12B006F6FE5 /* ShareViewController.h */ = {isa = PBXFileReference; fileEncoding = 4; lastKnownFileType = sourcecode.c.h; path = ShareViewController.h; sourceTree = "<group>"; };
		54F971F7177CE12B006F6FE5 /* ShareViewController.m */ = {isa = PBXFileReference; fileEncoding = 4; lastKnownFileType = sourcecode.c.objc; path = ShareViewController.m; sourceTree = "<group>"; };
		54F971F8177CE12B006F6FE5 /* ShareViewController.xib */ = {isa = PBXFileReference; fileEncoding = 4; lastKnownFileType = file.xib; path = ShareViewController.xib; sourceTree = "<group>"; };
		54F97200177CE711006F6FE5 /* ImageShare.png */ = {isa = PBXFileReference; lastKnownFileType = image.png; path = ImageShare.png; sourceTree = "<group>"; };
		54F97201177CE711006F6FE5 /* ImageShare@2x.png */ = {isa = PBXFileReference; lastKnownFileType = image.png; path = "ImageShare@2x.png"; sourceTree = "<group>"; };
		54F97204177CFFE7006F6FE5 /* LoginViewController.h */ = {isa = PBXFileReference; fileEncoding = 4; lastKnownFileType = sourcecode.c.h; path = LoginViewController.h; sourceTree = "<group>"; };
		54F97205177CFFE7006F6FE5 /* LoginViewController.m */ = {isa = PBXFileReference; fileEncoding = 4; lastKnownFileType = sourcecode.c.objc; path = LoginViewController.m; sourceTree = "<group>"; };
		54F97206177CFFE7006F6FE5 /* LoginViewController.xib */ = {isa = PBXFileReference; fileEncoding = 4; lastKnownFileType = file.xib; path = LoginViewController.xib; sourceTree = "<group>"; };
		54FE68FB17736B1000AD7987 /* ButtonMenuRight.png */ = {isa = PBXFileReference; lastKnownFileType = image.png; path = ButtonMenuRight.png; sourceTree = "<group>"; };
/* End PBXFileReference section */

/* Begin PBXFrameworksBuildPhase section */
		548D36A8176B819300154C36 /* Frameworks */ = {
			isa = PBXFrameworksBuildPhase;
			buildActionMask = 2147483647;
			files = (
				5457139A177E48F4006A69CE /* Social.framework in Frameworks */,
				54571398177E48EF006A69CE /* Security.framework in Frameworks */,
				54571396177E48E8006A69CE /* libsqlite3.dylib in Frameworks */,
				54571394177E48D7006A69CE /* Accounts.framework in Frameworks */,
				54571392177E48CF006A69CE /* AdSupport.framework in Frameworks */,
				549ADAC0176BE15A001F1D3F /* CoreLocation.framework in Frameworks */,
				549ADABE176BE14F001F1D3F /* MapKit.framework in Frameworks */,
				549ADABC176BE148001F1D3F /* libQuickDialog.a in Frameworks */,
				548D36D4176B81E900154C36 /* QuartzCore.framework in Frameworks */,
				548D36AF176B819300154C36 /* UIKit.framework in Frameworks */,
				548D36B1176B819300154C36 /* Foundation.framework in Frameworks */,
				548D36B3176B819300154C36 /* CoreGraphics.framework in Frameworks */,
				5457138E177E476C006A69CE /* FacebookSDK.framework in Frameworks */,
			);
			runOnlyForDeploymentPostprocessing = 0;
		};
/* End PBXFrameworksBuildPhase section */

/* Begin PBXGroup section */
		5400D002177A597B002CC092 /* Message */ = {
			isa = PBXGroup;
			children = (
				5400D003177A598D002CC092 /* MessageFromSelf.png */,
				5400D004177A598D002CC092 /* MessageToSelf.png */,
			);
			name = Message;
			sourceTree = "<group>";
		};
		5400D00A177A625F002CC092 /* Activity */ = {
			isa = PBXGroup;
			children = (
				5445A68B17790C0C00F3EC97 /* buttonBroadcastAvailability.png */,
				5445A68C17790C0C00F3EC97 /* buttonBroadcastAvailability@2x.png */,
			);
			name = Activity;
			sourceTree = "<group>";
		};
		5400D00B177A6288002CC092 /* CenterBar */ = {
			isa = PBXGroup;
			children = (
				548D36D6176B821B00154C36 /* ButtonMenuLeft.png */,
				54FE68FB17736B1000AD7987 /* ButtonMenuRight.png */,
				548D36D7176B821B00154C36 /* ButtonMenuLeft@2x.png */,
			);
			name = CenterBar;
			sourceTree = "<group>";
		};
		5400D00C177A62A6002CC092 /* Other */ = {
			isa = PBXGroup;
			children = (
				548D36C0176B819300154C36 /* Default.png */,
				548D36C2176B819300154C36 /* Default@2x.png */,
				548D36C4176B819300154C36 /* Default-568h@2x.png */,
			);
			name = Other;
			sourceTree = "<group>";
		};
		54403821176B8E4D00AA3588 /* API */ = {
			isa = PBXGroup;
			children = (
				54403822176B8E5D00AA3588 /* GetStaticLists.h */,
				54403823176B8E5D00AA3588 /* GetStaticLists.m */,
			);
			name = API;
			path = ..;
			sourceTree = "<group>";
		};
		5445A6891778D6A100F3EC97 /* Master */ = {
			isa = PBXGroup;
			children = (
				54E714CA176B95E200F39D73 /* ActivityViewController.h */,
				54E714CB176B95E200F39D73 /* ActivityViewController.m */,
				54E714CC176B95E200F39D73 /* ActivityViewController.xib */,
				5400CFFD177A0C98002CC092 /* ContactViewController.h */,
				5400CFFE177A0C98002CC092 /* ContactViewController.m */,
				5400CFFF177A0C98002CC092 /* ContactViewController.xib */,
				54E714D5176BA18800F39D73 /* FriendsViewController.h */,
				54E714D6176BA18800F39D73 /* FriendsViewController.m */,
				54E714D7176BA18800F39D73 /* FriendsViewController.xib */,
			);
			name = Master;
			sourceTree = "<group>";
		};
		5445A68A1778D6A500F3EC97 /* Detail */ = {
			isa = PBXGroup;
			children = (
				549ADAAE176BCAF2001F1D3F /* CreateActivityViewController.h */,
				549ADAAA176BCAD5001F1D3F /* CreateActivityViewController.m */,
				549ADAAB176BCAD5001F1D3F /* CreateActivityViewController.xib */,
				54E714D0176B9EDA00F39D73 /* MessageViewController.h */,
				54E714D1176B9EDA00F39D73 /* MessageViewController.m */,
				54E714D2176B9EDA00F39D73 /* MessageViewController.xib */,
				5400D007177A59DB002CC092 /* ThreadCell.h */,
				5400D008177A59DB002CC092 /* ThreadCell.m */,
			);
			name = Detail;
			sourceTree = "<group>";
		};
		5445A68F1779194B00F3EC97 /* Objects */ = {
			isa = PBXGroup;
			children = (
				5445A6901779195B00F3EC97 /* Contacts.h */,
				5445A6911779195B00F3EC97 /* Contacts.m */,
				5445A69317791AF900F3EC97 /* Messages.h */,
				5445A69417791AF900F3EC97 /* Messages.m */,
				5445A6961779210600F3EC97 /* Activity.h */,
				5445A6971779210600F3EC97 /* Activity.m */,
			);
			name = Objects;
			sourceTree = "<group>";
		};
		547D54CC17739D060069D837 /* FourSquare */ = {
			isa = PBXGroup;
			children = (
				547D54D91773B2240069D837 /* Objects */,
				544DBE611773DC5A00055C8A /* NearbyVenuesViewController.h */,
				544DBE621773DC5A00055C8A /* NearbyVenuesViewController.m */,
				544DBE631773DC5A00055C8A /* NearbyVenuesViewController.xib */,
				547D54CF1773B21F0069D837 /* Foursquare2.h */,
				547D54D01773B21F0069D837 /* Foursquare2.m */,
				547D54D11773B21F0069D837 /* FSRequester.h */,
				547D54D21773B21F0069D837 /* FSRequester.m */,
				547D54D31773B21F0069D837 /* FSTargetCallback.h */,
				547D54D41773B21F0069D837 /* FSTargetCallback.m */,
			);
			name = FourSquare;
			sourceTree = "<group>";
		};
		547D54D91773B2240069D837 /* Objects */ = {
			isa = PBXGroup;
			children = (
				547D54DA1773B2300069D837 /* FSVenue.h */,
				547D54DB1773B2300069D837 /* FSVenue.m */,
				547D54DC1773B2300069D837 /* FSConverter.h */,
				547D54DD1773B2300069D837 /* FSConverter.m */,
			);
			name = Objects;
			sourceTree = "<group>";
		};
		548D36A2176B819300154C36 = {
			isa = PBXGroup;
			children = (
				548D36D2176B81C600154C36 /* JTRevealSidebarV2 */,
				548D36B4176B819300154C36 /* letslunch_iPhone2 */,
				548D36AD176B819300154C36 /* Frameworks */,
				548D36AC176B819300154C36 /* Products */,
			);
			sourceTree = "<group>";
		};
		548D36AC176B819300154C36 /* Products */ = {
			isa = PBXGroup;
			children = (
				548D36AB176B819300154C36 /* letslunch_iPhone2.app */,
			);
			name = Products;
			sourceTree = "<group>";
		};
		548D36AD176B819300154C36 /* Frameworks */ = {
			isa = PBXGroup;
			children = (
				54571399177E48F4006A69CE /* Social.framework */,
				54571397177E48EF006A69CE /* Security.framework */,
				54571395177E48E8006A69CE /* libsqlite3.dylib */,
				54571393177E48D7006A69CE /* Accounts.framework */,
				54571391177E48CF006A69CE /* AdSupport.framework */,
				5457138F177E48A4006A69CE /* FacebookSDKResources.bundle */,
				549ADAB1176BE11D001F1D3F /* QuickDialog.xcodeproj */,
				5457138D177E476C006A69CE /* FacebookSDK.framework */,
				549ADABF176BE159001F1D3F /* CoreLocation.framework */,
				549ADABD176BE14F001F1D3F /* MapKit.framework */,
				548D36D3176B81E900154C36 /* QuartzCore.framework */,
				548D36AE176B819300154C36 /* UIKit.framework */,
				548D36B0176B819300154C36 /* Foundation.framework */,
				548D36B2176B819300154C36 /* CoreGraphics.framework */,
			);
			name = Frameworks;
			sourceTree = "<group>";
		};
		548D36B4176B819300154C36 /* letslunch_iPhone2 */ = {
			isa = PBXGroup;
			children = (
				54F971FB177CE13E006F6FE5 /* Share */,
				5445A68F1779194B00F3EC97 /* Objects */,
				547D54CC17739D060069D837 /* FourSquare */,
				54F5984E1770C9350074F43C /* BarsViewController */,
				54E714C9176B95B500F39D73 /* ViewControllers */,
				54403821176B8E4D00AA3588 /* API */,
				548D36D5176B820700154C36 /* Images */,
				548D36BD176B819300154C36 /* AppDelegate.h */,
				548D36BE176B819300154C36 /* AppDelegate.m */,
				548D36DA176B823700154C36 /* CenterViewController.h */,
				548D36DB176B823700154C36 /* CenterViewController.m */,
				54F97204177CFFE7006F6FE5 /* LoginViewController.h */,
				54F97205177CFFE7006F6FE5 /* LoginViewController.m */,
				54F97206177CFFE7006F6FE5 /* LoginViewController.xib */,
				548D36B5176B819300154C36 /* Supporting Files */,
			);
			path = letslunch_iPhone2;
			sourceTree = "<group>";
		};
		548D36B5176B819300154C36 /* Supporting Files */ = {
			isa = PBXGroup;
			children = (
				548D36B6176B819300154C36 /* letslunch_iPhone2-Info.plist */,
				548D36B7176B819300154C36 /* InfoPlist.strings */,
				548D36BA176B819300154C36 /* main.m */,
				548D36BC176B819300154C36 /* letslunch_iPhone2-Prefix.pch */,
				5457138C177E39C1006A69CE /* constants.h */,
			);
			name = "Supporting Files";
			sourceTree = "<group>";
		};
		548D36D2176B81C600154C36 /* JTRevealSidebarV2 */ = {
			isa = PBXGroup;
			children = (
				548D36CB176B81B700154C36 /* JTRevealSidebarV2Delegate.h */,
				548D36CC176B81B700154C36 /* UINavigationItem+JTRevealSidebarV2.h */,
				548D36CD176B81B700154C36 /* UINavigationItem+JTRevealSidebarV2.m */,
				548D36CE176B81B700154C36 /* UIViewController+JTRevealSidebarV2.h */,
				548D36CF176B81B700154C36 /* UIViewController+JTRevealSidebarV2.m */,
			);
			name = JTRevealSidebarV2;
			sourceTree = "<group>";
		};
		548D36D5176B820700154C36 /* Images */ = {
			isa = PBXGroup;
			children = (
				5400D00C177A62A6002CC092 /* Other */,
				5400D00B177A6288002CC092 /* CenterBar */,
				5400D00A177A625F002CC092 /* Activity */,
				5400D002177A597B002CC092 /* Message */,
				54F5986B17713A210074F43C /* Sharing */,
				54F5985C1770ECEF0074F43C /* LeftBarMenu */,
			);
			name = Images;
			path = ..;
			sourceTree = "<group>";
		};
		549ADAB2176BE11D001F1D3F /* Products */ = {
			isa = PBXGroup;
			children = (
				549ADAB7176BE11D001F1D3F /* QuickDialogExample.app */,
				549ADAB9176BE11D001F1D3F /* libQuickDialog.a */,
			);
			name = Products;
			sourceTree = "<group>";
		};
		54E714C9176B95B500F39D73 /* ViewControllers */ = {
			isa = PBXGroup;
			children = (
				5445A68A1778D6A500F3EC97 /* Detail */,
				5445A6891778D6A100F3EC97 /* Master */,
			);
			name = ViewControllers;
			sourceTree = "<group>";
		};
		54F5984E1770C9350074F43C /* BarsViewController */ = {
			isa = PBXGroup;
			children = (
				548D36DC176B823700154C36 /* LeftSidebarViewController.h */,
				548D36DD176B823700154C36 /* LeftSidebarViewController.m */,
				54F5984F1770C96D0074F43C /* RightSidebarViewController.h */,
				54F598501770C96D0074F43C /* RightSidebarViewController.m */,
			);
			name = BarsViewController;
			sourceTree = "<group>";
		};
		54F5985C1770ECEF0074F43C /* LeftBarMenu */ = {
			isa = PBXGroup;
			children = (
				54F5986917712EEA0074F43C /* BackgroundMenu.png */,
				54F59867177124930074F43C /* BackgroundMenuItemSelected.png */,
				54F59865177121F60074F43C /* BackgroundMenuItem.png */,
				54F598611770EF210074F43C /* FriendsMenuItem.png */,
				54F598621770EF210074F43C /* FriendsMenuItem@2x.png */,
				54F5985D1770EDE00074F43C /* ActivityMenuItem.png */,
				54F5985E1770EDE00074F43C /* ActivityMenuItem@2x.png */,
				54F598541770EB360074F43C /* MessagesMenuItem.png */,
				54F598551770EB360074F43C /* MessagesMenuItem@2x.png */,
			);
			name = LeftBarMenu;
			sourceTree = "<group>";
		};
		54F5986B17713A210074F43C /* Sharing */ = {
			isa = PBXGroup;
			children = (
				54F97200177CE711006F6FE5 /* ImageShare.png */,
				54F97201177CE711006F6FE5 /* ImageShare@2x.png */,
				54F5986C17713A4A0074F43C /* BackgroundSharing.png */,
				54F5986D17713A4A0074F43C /* FindFriendsButton.png */,
				54F5986E17713A4A0074F43C /* InviteFriendsButton.png */,
				5409986B177239F2003DFD70 /* ShareButton.png */,
			);
			name = Sharing;
			sourceTree = "<group>";
		};
		54F971FB177CE13E006F6FE5 /* Share */ = {
			isa = PBXGroup;
			children = (
				54F971F6177CE12B006F6FE5 /* ShareViewController.h */,
				54F971F7177CE12B006F6FE5 /* ShareViewController.m */,
				54F971F8177CE12B006F6FE5 /* ShareViewController.xib */,
			);
			name = Share;
			sourceTree = "<group>";
		};
/* End PBXGroup section */

/* Begin PBXNativeTarget section */
		548D36AA176B819300154C36 /* letslunch_iPhone2 */ = {
			isa = PBXNativeTarget;
			buildConfigurationList = 548D36C8176B819300154C36 /* Build configuration list for PBXNativeTarget "letslunch_iPhone2" */;
			buildPhases = (
				548D36A7176B819300154C36 /* Sources */,
				548D36A8176B819300154C36 /* Frameworks */,
				548D36A9176B819300154C36 /* Resources */,
			);
			buildRules = (
			);
			dependencies = (
				549ADABB176BE137001F1D3F /* PBXTargetDependency */,
			);
			name = letslunch_iPhone2;
			productName = letslunch_iPhone2;
			productReference = 548D36AB176B819300154C36 /* letslunch_iPhone2.app */;
			productType = "com.apple.product-type.application";
		};
/* End PBXNativeTarget section */

/* Begin PBXProject section */
		548D36A3176B819300154C36 /* Project object */ = {
			isa = PBXProject;
			attributes = {
				LastUpgradeCheck = 0460;
				ORGANIZATIONNAME = "Florian Reiss";
			};
			buildConfigurationList = 548D36A6176B819300154C36 /* Build configuration list for PBXProject "letslunch_iPhone2" */;
			compatibilityVersion = "Xcode 3.2";
			developmentRegion = English;
			hasScannedForEncodings = 0;
			knownRegions = (
				en,
			);
			mainGroup = 548D36A2176B819300154C36;
			productRefGroup = 548D36AC176B819300154C36 /* Products */;
			projectDirPath = "";
			projectReferences = (
				{
					ProductGroup = 549ADAB2176BE11D001F1D3F /* Products */;
					ProjectRef = 549ADAB1176BE11D001F1D3F /* QuickDialog.xcodeproj */;
				},
			);
			projectRoot = "";
			targets = (
				548D36AA176B819300154C36 /* letslunch_iPhone2 */,
			);
		};
/* End PBXProject section */

/* Begin PBXReferenceProxy section */
		549ADAB7176BE11D001F1D3F /* QuickDialogExample.app */ = {
			isa = PBXReferenceProxy;
			fileType = wrapper.application;
			path = QuickDialogExample.app;
			remoteRef = 549ADAB6176BE11D001F1D3F /* PBXContainerItemProxy */;
			sourceTree = BUILT_PRODUCTS_DIR;
		};
		549ADAB9176BE11D001F1D3F /* libQuickDialog.a */ = {
			isa = PBXReferenceProxy;
			fileType = archive.ar;
			path = libQuickDialog.a;
			remoteRef = 549ADAB8176BE11D001F1D3F /* PBXContainerItemProxy */;
			sourceTree = BUILT_PRODUCTS_DIR;
		};
/* End PBXReferenceProxy section */

/* Begin PBXResourcesBuildPhase section */
		548D36A9176B819300154C36 /* Resources */ = {
			isa = PBXResourcesBuildPhase;
			buildActionMask = 2147483647;
			files = (
				548D36B9176B819300154C36 /* InfoPlist.strings in Resources */,
				548D36C1176B819300154C36 /* Default.png in Resources */,
				548D36C3176B819300154C36 /* Default@2x.png in Resources */,
				548D36C5176B819300154C36 /* Default-568h@2x.png in Resources */,
				548D36D8176B821B00154C36 /* ButtonMenuLeft.png in Resources */,
				548D36D9176B821B00154C36 /* ButtonMenuLeft@2x.png in Resources */,
				54E714CE176B95E200F39D73 /* ActivityViewController.xib in Resources */,
				54E714D4176B9EDA00F39D73 /* MessageViewController.xib in Resources */,
				54E714D9176BA18800F39D73 /* FriendsViewController.xib in Resources */,
				549ADAAD176BCAD5001F1D3F /* CreateActivityViewController.xib in Resources */,
				54F598561770EB360074F43C /* MessagesMenuItem.png in Resources */,
				54F598571770EB360074F43C /* MessagesMenuItem@2x.png in Resources */,
				54F5985F1770EDE00074F43C /* ActivityMenuItem.png in Resources */,
				54F598601770EDE00074F43C /* ActivityMenuItem@2x.png in Resources */,
				54F598631770EF210074F43C /* FriendsMenuItem.png in Resources */,
				54F598641770EF210074F43C /* FriendsMenuItem@2x.png in Resources */,
				54F59866177121F60074F43C /* BackgroundMenuItem.png in Resources */,
				54F59868177124930074F43C /* BackgroundMenuItemSelected.png in Resources */,
				54F5986A17712EEA0074F43C /* BackgroundMenu.png in Resources */,
				54F5986F17713A4A0074F43C /* BackgroundSharing.png in Resources */,
				54F5987017713A4A0074F43C /* FindFriendsButton.png in Resources */,
				54F5987117713A4A0074F43C /* InviteFriendsButton.png in Resources */,
				5409986C177239F2003DFD70 /* ShareButton.png in Resources */,
				54FE68FC17736B1000AD7987 /* ButtonMenuRight.png in Resources */,
				544DBE651773DC5A00055C8A /* NearbyVenuesViewController.xib in Resources */,
				5445A68D17790C0C00F3EC97 /* buttonBroadcastAvailability.png in Resources */,
				5445A68E17790C0C00F3EC97 /* buttonBroadcastAvailability@2x.png in Resources */,
				5400D001177A0C98002CC092 /* ContactViewController.xib in Resources */,
				5400D005177A598D002CC092 /* MessageFromSelf.png in Resources */,
				5400D006177A598D002CC092 /* MessageToSelf.png in Resources */,
				54F971FA177CE12B006F6FE5 /* ShareViewController.xib in Resources */,
				54F97202177CE711006F6FE5 /* ImageShare.png in Resources */,
				54F97203177CE711006F6FE5 /* ImageShare@2x.png in Resources */,
				54F97208177CFFE8006F6FE5 /* LoginViewController.xib in Resources */,
				54571390177E48A5006A69CE /* FacebookSDKResources.bundle in Resources */,
			);
			runOnlyForDeploymentPostprocessing = 0;
		};
/* End PBXResourcesBuildPhase section */

/* Begin PBXSourcesBuildPhase section */
		548D36A7176B819300154C36 /* Sources */ = {
			isa = PBXSourcesBuildPhase;
			buildActionMask = 2147483647;
			files = (
				548D36BB176B819300154C36 /* main.m in Sources */,
				548D36BF176B819300154C36 /* AppDelegate.m in Sources */,
				548D36D0176B81B700154C36 /* UINavigationItem+JTRevealSidebarV2.m in Sources */,
				548D36D1176B81B700154C36 /* UIViewController+JTRevealSidebarV2.m in Sources */,
				548D36E0176B823700154C36 /* CenterViewController.m in Sources */,
				548D36E1176B823700154C36 /* LeftSidebarViewController.m in Sources */,
				54403824176B8E5D00AA3588 /* GetStaticLists.m in Sources */,
				54E714CD176B95E200F39D73 /* ActivityViewController.m in Sources */,
				54E714D3176B9EDA00F39D73 /* MessageViewController.m in Sources */,
				54E714D8176BA18800F39D73 /* FriendsViewController.m in Sources */,
				549ADAAC176BCAD5001F1D3F /* CreateActivityViewController.m in Sources */,
				54F598511770C96D0074F43C /* RightSidebarViewController.m in Sources */,
				547D54D51773B21F0069D837 /* Foursquare2.m in Sources */,
				547D54D61773B21F0069D837 /* FSRequester.m in Sources */,
				547D54D71773B21F0069D837 /* FSTargetCallback.m in Sources */,
				547D54DE1773B2300069D837 /* FSVenue.m in Sources */,
				547D54DF1773B2300069D837 /* FSConverter.m in Sources */,
				544DBE641773DC5A00055C8A /* NearbyVenuesViewController.m in Sources */,
				5445A6921779195B00F3EC97 /* Contacts.m in Sources */,
				5445A69517791AF900F3EC97 /* Messages.m in Sources */,
				5445A6981779210600F3EC97 /* Activity.m in Sources */,
				5400D000177A0C98002CC092 /* ContactViewController.m in Sources */,
				5400D009177A59DB002CC092 /* ThreadCell.m in Sources */,
				54F971F9177CE12B006F6FE5 /* ShareViewController.m in Sources */,
				54F97207177CFFE8006F6FE5 /* LoginViewController.m in Sources */,
			);
			runOnlyForDeploymentPostprocessing = 0;
		};
/* End PBXSourcesBuildPhase section */

/* Begin PBXTargetDependency section */
		549ADABB176BE137001F1D3F /* PBXTargetDependency */ = {
			isa = PBXTargetDependency;
			name = QuickDialog;
			targetProxy = 549ADABA176BE137001F1D3F /* PBXContainerItemProxy */;
		};
/* End PBXTargetDependency section */

/* Begin PBXVariantGroup section */
		548D36B7176B819300154C36 /* InfoPlist.strings */ = {
			isa = PBXVariantGroup;
			children = (
				548D36B8176B819300154C36 /* en */,
			);
			name = InfoPlist.strings;
			sourceTree = "<group>";
		};
/* End PBXVariantGroup section */

/* Begin XCBuildConfiguration section */
		548D36C6176B819300154C36 /* Debug */ = {
			isa = XCBuildConfiguration;
			buildSettings = {
				ALWAYS_SEARCH_USER_PATHS = NO;
				CLANG_CXX_LANGUAGE_STANDARD = "gnu++0x";
				CLANG_CXX_LIBRARY = "libc++";
				CLANG_WARN_CONSTANT_CONVERSION = YES;
				CLANG_WARN_EMPTY_BODY = YES;
				CLANG_WARN_ENUM_CONVERSION = YES;
				CLANG_WARN_INT_CONVERSION = YES;
				CLANG_WARN__DUPLICATE_METHOD_MATCH = YES;
				"CODE_SIGN_IDENTITY[sdk=iphoneos*]" = "iPhone Developer";
				COPY_PHASE_STRIP = NO;
				GCC_C_LANGUAGE_STANDARD = gnu99;
				GCC_DYNAMIC_NO_PIC = NO;
				GCC_OPTIMIZATION_LEVEL = 0;
				GCC_PREPROCESSOR_DEFINITIONS = (
					"DEBUG=1",
					"$(inherited)",
				);
				GCC_SYMBOLS_PRIVATE_EXTERN = NO;
				GCC_WARN_ABOUT_RETURN_TYPE = YES;
				GCC_WARN_UNINITIALIZED_AUTOS = YES;
				GCC_WARN_UNUSED_VARIABLE = YES;
				IPHONEOS_DEPLOYMENT_TARGET = 6.0;
				ONLY_ACTIVE_ARCH = YES;
				SDKROOT = iphoneos;
			};
			name = Debug;
		};
		548D36C7176B819300154C36 /* Release */ = {
			isa = XCBuildConfiguration;
			buildSettings = {
				ALWAYS_SEARCH_USER_PATHS = NO;
				CLANG_CXX_LANGUAGE_STANDARD = "gnu++0x";
				CLANG_CXX_LIBRARY = "libc++";
				CLANG_WARN_CONSTANT_CONVERSION = YES;
				CLANG_WARN_EMPTY_BODY = YES;
				CLANG_WARN_ENUM_CONVERSION = YES;
				CLANG_WARN_INT_CONVERSION = YES;
				CLANG_WARN__DUPLICATE_METHOD_MATCH = YES;
				"CODE_SIGN_IDENTITY[sdk=iphoneos*]" = "iPhone Developer";
				COPY_PHASE_STRIP = YES;
				GCC_C_LANGUAGE_STANDARD = gnu99;
				GCC_WARN_ABOUT_RETURN_TYPE = YES;
				GCC_WARN_UNINITIALIZED_AUTOS = YES;
				GCC_WARN_UNUSED_VARIABLE = YES;
				IPHONEOS_DEPLOYMENT_TARGET = 6.0;
				OTHER_CFLAGS = "-DNS_BLOCK_ASSERTIONS=1";
				SDKROOT = iphoneos;
				VALIDATE_PRODUCT = YES;
			};
			name = Release;
		};
		548D36C9176B819300154C36 /* Debug */ = {
			isa = XCBuildConfiguration;
			buildSettings = {
				ALWAYS_SEARCH_USER_PATHS = YES;
				FRAMEWORK_SEARCH_PATHS = (
					"$(inherited)",
					"\"$(SRCROOT)/../../FacebookSDK\"",
				);
				GCC_PRECOMPILE_PREFIX_HEADER = YES;
				GCC_PREFIX_HEADER = "letslunch_iPhone2/letslunch_iPhone2-Prefix.pch";
				INFOPLIST_FILE = "letslunch_iPhone2/letslunch_iPhone2-Info.plist";
				OTHER_LDFLAGS = "-ObjC";
				PRODUCT_NAME = "$(TARGET_NAME)";
				USER_HEADER_SEARCH_PATHS = "\"${PROJECT_DIR}/QuickDialog\"";
				WRAPPER_EXTENSION = app;
			};
			name = Debug;
		};
		548D36CA176B819300154C36 /* Release */ = {
			isa = XCBuildConfiguration;
			buildSettings = {
				ALWAYS_SEARCH_USER_PATHS = YES;
				FRAMEWORK_SEARCH_PATHS = (
					"$(inherited)",
					"\"$(SRCROOT)/../../FacebookSDK\"",
				);
				GCC_PRECOMPILE_PREFIX_HEADER = YES;
				GCC_PREFIX_HEADER = "letslunch_iPhone2/letslunch_iPhone2-Prefix.pch";
				INFOPLIST_FILE = "letslunch_iPhone2/letslunch_iPhone2-Info.plist";
				OTHER_LDFLAGS = "-ObjC";
				PRODUCT_NAME = "$(TARGET_NAME)";
				USER_HEADER_SEARCH_PATHS = "\"${PROJECT_DIR}/QuickDialog\"";
				WRAPPER_EXTENSION = app;
			};
			name = Release;
		};
/* End XCBuildConfiguration section */

/* Begin XCConfigurationList section */
		548D36A6176B819300154C36 /* Build configuration list for PBXProject "letslunch_iPhone2" */ = {
			isa = XCConfigurationList;
			buildConfigurations = (
				548D36C6176B819300154C36 /* Debug */,
				548D36C7176B819300154C36 /* Release */,
			);
			defaultConfigurationIsVisible = 0;
			defaultConfigurationName = Release;
		};
		548D36C8176B819300154C36 /* Build configuration list for PBXNativeTarget "letslunch_iPhone2" */ = {
			isa = XCConfigurationList;
			buildConfigurations = (
				548D36C9176B819300154C36 /* Debug */,
				548D36CA176B819300154C36 /* Release */,
			);
			defaultConfigurationIsVisible = 0;
			defaultConfigurationName = Release;
		};
/* End XCConfigurationList section */
	};
	rootObject = 548D36A3176B819300154C36 /* Project object */;
}
